// !$*UTF8*$!
{
	archiveVersion = 1;
	classes = {
	};
	objectVersion = 56;
	objects = {

/* Begin PBXBuildFile section */
		9A865EC029928BA40042465F /* node.cpp in Sources */ = {isa = PBXBuildFile; fileRef = 9A865E8529928AD10042465F /* node.cpp */; };
		9A865EC129928BA90042465F /* _factory.cpp in Sources */ = {isa = PBXBuildFile; fileRef = 9A865EA629928AD10042465F /* _factory.cpp */; };
		9A865EC929928E4E0042465F /* libacme.dylib in Frameworks */ = {isa = PBXBuildFile; fileRef = 9A865EC829928E4E0042465F /* libacme.dylib */; };
		9A865ECB29928E520042465F /* libapex.dylib in Frameworks */ = {isa = PBXBuildFile; fileRef = 9A865ECA29928E520042465F /* libapex.dylib */; };
		9A865ECD29928E580042465F /* libaura.dylib in Frameworks */ = {isa = PBXBuildFile; fileRef = 9A865ECC29928E580042465F /* libaura.dylib */; };
		9A865EE2299296310042465F /* libacme_posix.dylib in Frameworks */ = {isa = PBXBuildFile; fileRef = 9A865EE1299296310042465F /* libacme_posix.dylib */; };
		9A865EE42992964B0042465F /* libapex_posix.dylib in Frameworks */ = {isa = PBXBuildFile; fileRef = 9A865EE32992964B0042465F /* libapex_posix.dylib */; };
		9A865EE52992966B0042465F /* libapex_darwin.dylib in Frameworks */ = {isa = PBXBuildFile; fileRef = 9A865EB029928B2B0042465F /* libapex_darwin.dylib */; };
		9A865EE6299296730042465F /* libaura_posix.dylib in Frameworks */ = {isa = PBXBuildFile; fileRef = 9A865E7229928AC50042465F /* libaura_posix.dylib */; };
/* End PBXBuildFile section */

/* Begin PBXContainerItemProxy section */
		9A865E7129928AC50042465F /* PBXContainerItemProxy */ = {
			isa = PBXContainerItemProxy;
			containerPortal = 9A865E6B29928AC50042465F /* aura_posix.xcodeproj */;
			proxyType = 2;
			remoteGlobalIDString = A1CFD778154F5EAA007447E2;
			remoteInfo = aura_posix;
		};
		9A865E7329928AC50042465F /* PBXContainerItemProxy */ = {
			isa = PBXContainerItemProxy;
			containerPortal = 9A865E6B29928AC50042465F /* aura_posix.xcodeproj */;
			proxyType = 2;
			remoteGlobalIDString = 07B657B8190F3CBF002DAADE;
			remoteInfo = ios_aura_posix;
		};
		9A865E7529928AC50042465F /* PBXContainerItemProxy */ = {
			isa = PBXContainerItemProxy;
			containerPortal = 9A865E6B29928AC50042465F /* aura_posix.xcodeproj */;
			proxyType = 2;
			remoteGlobalIDString = 07B657C7190F3CBF002DAADE;
			remoteInfo = music_midi_core_audio_iosTests;
		};
		9A865EA929928B090042465F /* PBXContainerItemProxy */ = {
			isa = PBXContainerItemProxy;
			containerPortal = 9A865E6B29928AC50042465F /* aura_posix.xcodeproj */;
			proxyType = 1;
			remoteGlobalIDString = A1CFD777154F5EAA007447E2;
			remoteInfo = aura_posix;
		};
		9A865EAF29928B2B0042465F /* PBXContainerItemProxy */ = {
			isa = PBXContainerItemProxy;
			containerPortal = 9A865EAB29928B2B0042465F /* apex_darwin.xcodeproj */;
			proxyType = 2;
			remoteGlobalIDString = 9AFD808F297B57C400BAD9DD;
			remoteInfo = apex_darwin;
		};
		9A865EB129928B3B0042465F /* PBXContainerItemProxy */ = {
			isa = PBXContainerItemProxy;
			containerPortal = 9A865EAB29928B2B0042465F /* apex_darwin.xcodeproj */;
			proxyType = 1;
			remoteGlobalIDString = 9AFD808E297B57C400BAD9DD;
			remoteInfo = apex_darwin;
		};
/* End PBXContainerItemProxy section */

/* Begin PBXFileReference section */
		9A865E6B29928AC50042465F /* aura_posix.xcodeproj */ = {isa = PBXFileReference; lastKnownFileType = "wrapper.pb-project"; name = aura_posix.xcodeproj; path = "../../operating_system-posix/aura_posix/aura_posix.xcodeproj"; sourceTree = "<group>"; };
		9A865E8229928AD10042465F /* framework.cpp */ = {isa = PBXFileReference; lastKnownFileType = sourcecode.cpp.cpp; path = framework.cpp; sourceTree = "<group>"; };
		9A865E8529928AD10042465F /* node.cpp */ = {isa = PBXFileReference; lastKnownFileType = sourcecode.cpp.cpp; path = node.cpp; sourceTree = "<group>"; };
		9A865E8A29928AD10042465F /* node.h */ = {isa = PBXFileReference; lastKnownFileType = sourcecode.c.h; path = node.h; sourceTree = "<group>"; };
		9A865E8C29928AD10042465F /* _.cpp */ = {isa = PBXFileReference; lastKnownFileType = sourcecode.cpp.cpp; path = _.cpp; sourceTree = "<group>"; };
		9A865E8E29928AD10042465F /* user.h */ = {isa = PBXFileReference; lastKnownFileType = sourcecode.c.h; path = user.h; sourceTree = "<group>"; };
		9A865E8F29928AD10042465F /* resource.h */ = {isa = PBXFileReference; lastKnownFileType = sourcecode.c.h; path = resource.h; sourceTree = "<group>"; };
		9A865EA129928AD10042465F /* framework.h */ = {isa = PBXFileReference; lastKnownFileType = sourcecode.c.h; path = framework.h; sourceTree = "<group>"; };
		9A865EA629928AD10042465F /* _factory.cpp */ = {isa = PBXFileReference; lastKnownFileType = sourcecode.cpp.cpp; path = _factory.cpp; sourceTree = "<group>"; };
		9A865EA829928AD10042465F /* _.h */ = {isa = PBXFileReference; lastKnownFileType = sourcecode.c.h; path = _.h; sourceTree = "<group>"; };
		9A865EAB29928B2B0042465F /* apex_darwin.xcodeproj */ = {isa = PBXFileReference; lastKnownFileType = "wrapper.pb-project"; name = apex_darwin.xcodeproj; path = ../apex_darwin/apex_darwin.xcodeproj; sourceTree = "<group>"; };
		9A865EC829928E4E0042465F /* libacme.dylib */ = {isa = PBXFileReference; explicitFileType = "compiled.mach-o.dylib"; path = libacme.dylib; sourceTree = BUILT_PRODUCTS_DIR; };
		9A865ECA29928E520042465F /* libapex.dylib */ = {isa = PBXFileReference; explicitFileType = "compiled.mach-o.dylib"; path = libapex.dylib; sourceTree = BUILT_PRODUCTS_DIR; };
		9A865ECC29928E580042465F /* libaura.dylib */ = {isa = PBXFileReference; explicitFileType = "compiled.mach-o.dylib"; path = libaura.dylib; sourceTree = BUILT_PRODUCTS_DIR; };
		9A865EE1299296310042465F /* libacme_posix.dylib */ = {isa = PBXFileReference; explicitFileType = "compiled.mach-o.dylib"; path = libacme_posix.dylib; sourceTree = BUILT_PRODUCTS_DIR; };
		9A865EE32992964B0042465F /* libapex_posix.dylib */ = {isa = PBXFileReference; explicitFileType = "compiled.mach-o.dylib"; path = libapex_posix.dylib; sourceTree = BUILT_PRODUCTS_DIR; };
		9AFD809F297B57D500BAD9DD /* lib.dylib */ = {isa = PBXFileReference; explicitFileType = "compiled.mach-o.dylib"; includeInIndex = 0; name = lib.dylib; path = libaura_darwin.dylib; sourceTree = BUILT_PRODUCTS_DIR; };
/* End PBXFileReference section */

/* Begin PBXFrameworksBuildPhase section */
		9AFD809D297B57D500BAD9DD /* Frameworks */ = {
			isa = PBXFrameworksBuildPhase;
			buildActionMask = 2147483647;
			files = (
				9A865EE6299296730042465F /* libaura_posix.dylib in Frameworks */,
				9A865EE52992966B0042465F /* libapex_darwin.dylib in Frameworks */,
				9A865EE42992964B0042465F /* libapex_posix.dylib in Frameworks */,
				9A865EE2299296310042465F /* libacme_posix.dylib in Frameworks */,
				9A865ECD29928E580042465F /* libaura.dylib in Frameworks */,
				9A865ECB29928E520042465F /* libapex.dylib in Frameworks */,
				9A865EC929928E4E0042465F /* libacme.dylib in Frameworks */,
			);
			runOnlyForDeploymentPostprocessing = 0;
		};
/* End PBXFrameworksBuildPhase section */

/* Begin PBXGroup section */
		9A865E6C29928AC50042465F /* Products */ = {
			isa = PBXGroup;
			children = (
				9A865E7229928AC50042465F /* libaura_posix.dylib */,
				9A865E7429928AC50042465F /* libios_aura_posix.a */,
				9A865E7629928AC50042465F /* music_midi_core_audio_iosTests.xctest */,
			);
			name = Products;
			sourceTree = "<group>";
		};
		9A865E7729928AD10042465F /* aura_darwin */ = {
			isa = PBXGroup;
			children = (
				9A865E8C29928AD10042465F /* _.cpp */,
				9A865EA829928AD10042465F /* _.h */,
				9A865EA629928AD10042465F /* _factory.cpp */,
				9A865E8229928AD10042465F /* framework.cpp */,
				9A865EA129928AD10042465F /* framework.h */,
				9A865E8529928AD10042465F /* node.cpp */,
				9A865E8A29928AD10042465F /* node.h */,
				9A865E8F29928AD10042465F /* resource.h */,
				9A865E8E29928AD10042465F /* user.h */,
			);
			name = aura_darwin;
			sourceTree = "<group>";
		};
		9A865EAC29928B2B0042465F /* Products */ = {
			isa = PBXGroup;
			children = (
				9A865EB029928B2B0042465F /* libapex_darwin.dylib */,
			);
			name = Products;
			sourceTree = "<group>";
		};
		9A865EC729928E4E0042465F /* Frameworks */ = {
			isa = PBXGroup;
			children = (
				9A865EE32992964B0042465F /* libapex_posix.dylib */,
				9A865EE1299296310042465F /* libacme_posix.dylib */,
				9A865ECC29928E580042465F /* libaura.dylib */,
				9A865ECA29928E520042465F /* libapex.dylib */,
				9A865EC829928E4E0042465F /* libacme.dylib */,
			);
			name = Frameworks;
			sourceTree = "<group>";
		};
		9AFD8096297B57D500BAD9DD = {
			isa = PBXGroup;
			children = (
				9A865E6B29928AC50042465F /* aura_posix.xcodeproj */,
				9A865EAB29928B2B0042465F /* apex_darwin.xcodeproj */,
				9A865E7729928AD10042465F /* aura_darwin */,
				9AFD80A0297B57D500BAD9DD /* Products */,
				9A865EC729928E4E0042465F /* Frameworks */,
			);
			sourceTree = "<group>";
		};
		9AFD80A0297B57D500BAD9DD /* Products */ = {
			isa = PBXGroup;
			children = (
				9AFD809F297B57D500BAD9DD /* lib.dylib */,
			);
			name = Products;
			sourceTree = "<group>";
		};
/* End PBXGroup section */

/* Begin PBXHeadersBuildPhase section */
		9AFD809B297B57D500BAD9DD /* Headers */ = {
			isa = PBXHeadersBuildPhase;
			buildActionMask = 2147483647;
			files = (
			);
			runOnlyForDeploymentPostprocessing = 0;
		};
/* End PBXHeadersBuildPhase section */

/* Begin PBXNativeTarget section */
		9AFD809E297B57D500BAD9DD /* aura_darwin */ = {
			isa = PBXNativeTarget;
			buildConfigurationList = 9AFD80A3297B57D500BAD9DD /* Build configuration list for PBXNativeTarget "aura_darwin" */;
			buildPhases = (
				9AFD809B297B57D500BAD9DD /* Headers */,
				9AFD809C297B57D500BAD9DD /* Sources */,
				9AFD809D297B57D500BAD9DD /* Frameworks */,
			);
			buildRules = (
			);
			dependencies = (
				9A865EB229928B3B0042465F /* PBXTargetDependency */,
				9A865EAA29928B090042465F /* PBXTargetDependency */,
			);
			name = aura_darwin;
			productName = aura_darwin;
			productReference = 9AFD809F297B57D500BAD9DD /* lib.dylib */;
			productType = "com.apple.product-type.library.dynamic";
		};
/* End PBXNativeTarget section */

/* Begin PBXProject section */
		9AFD8097297B57D500BAD9DD /* Project object */ = {
			isa = PBXProject;
			attributes = {
				BuildIndependentTargetsInParallel = 1;
				LastUpgradeCheck = 1420;
				TargetAttributes = {
					9AFD809E297B57D500BAD9DD = {
						CreatedOnToolsVersion = 14.2;
					};
				};
			};
			buildConfigurationList = 9AFD809A297B57D500BAD9DD /* Build configuration list for PBXProject "aura_darwin" */;
			compatibilityVersion = "Xcode 14.0";
			developmentRegion = en;
			hasScannedForEncodings = 0;
			knownRegions = (
				en,
				Base,
			);
			mainGroup = 9AFD8096297B57D500BAD9DD;
			productRefGroup = 9AFD80A0297B57D500BAD9DD /* Products */;
			projectDirPath = "";
			projectReferences = (
				{
					ProductGroup = 9A865EAC29928B2B0042465F /* Products */;
					ProjectRef = 9A865EAB29928B2B0042465F /* apex_darwin.xcodeproj */;
				},
				{
					ProductGroup = 9A865E6C29928AC50042465F /* Products */;
					ProjectRef = 9A865E6B29928AC50042465F /* aura_posix.xcodeproj */;
				},
			);
			projectRoot = "";
			targets = (
				9AFD809E297B57D500BAD9DD /* aura_darwin */,
			);
		};
/* End PBXProject section */

/* Begin PBXReferenceProxy section */
		9A865E7229928AC50042465F /* libaura_posix.dylib */ = {
			isa = PBXReferenceProxy;
			fileType = "compiled.mach-o.dylib";
			path = libaura_posix.dylib;
			remoteRef = 9A865E7129928AC50042465F /* PBXContainerItemProxy */;
			sourceTree = BUILT_PRODUCTS_DIR;
		};
		9A865E7429928AC50042465F /* libios_aura_posix.a */ = {
			isa = PBXReferenceProxy;
			fileType = archive.ar;
			path = libios_aura_posix.a;
			remoteRef = 9A865E7329928AC50042465F /* PBXContainerItemProxy */;
			sourceTree = BUILT_PRODUCTS_DIR;
		};
		9A865E7629928AC50042465F /* music_midi_core_audio_iosTests.xctest */ = {
			isa = PBXReferenceProxy;
			fileType = wrapper.cfbundle;
			path = music_midi_core_audio_iosTests.xctest;
			remoteRef = 9A865E7529928AC50042465F /* PBXContainerItemProxy */;
			sourceTree = BUILT_PRODUCTS_DIR;
		};
		9A865EB029928B2B0042465F /* libapex_darwin.dylib */ = {
			isa = PBXReferenceProxy;
			fileType = "compiled.mach-o.dylib";
			path = libapex_darwin.dylib;
			remoteRef = 9A865EAF29928B2B0042465F /* PBXContainerItemProxy */;
			sourceTree = BUILT_PRODUCTS_DIR;
		};
/* End PBXReferenceProxy section */

/* Begin PBXSourcesBuildPhase section */
		9AFD809C297B57D500BAD9DD /* Sources */ = {
			isa = PBXSourcesBuildPhase;
			buildActionMask = 2147483647;
			files = (
				9A865EC129928BA90042465F /* _factory.cpp in Sources */,
				9A865EC029928BA40042465F /* node.cpp in Sources */,
			);
			runOnlyForDeploymentPostprocessing = 0;
		};
/* End PBXSourcesBuildPhase section */

/* Begin PBXTargetDependency section */
		9A865EAA29928B090042465F /* PBXTargetDependency */ = {
			isa = PBXTargetDependency;
			name = aura_posix;
			targetProxy = 9A865EA929928B090042465F /* PBXContainerItemProxy */;
		};
		9A865EB229928B3B0042465F /* PBXTargetDependency */ = {
			isa = PBXTargetDependency;
			name = apex_darwin;
			targetProxy = 9A865EB129928B3B0042465F /* PBXContainerItemProxy */;
		};
/* End PBXTargetDependency section */

/* Begin XCBuildConfiguration section */
		9AFD80A1297B57D500BAD9DD /* Debug */ = {
			isa = XCBuildConfiguration;
			buildSettings = {
				ALWAYS_SEARCH_USER_PATHS = NO;
				CLANG_ANALYZER_NONNULL = YES;
				CLANG_ANALYZER_NUMBER_OBJECT_CONVERSION = YES_AGGRESSIVE;
				CLANG_CXX_LANGUAGE_STANDARD = "gnu++20";
				CLANG_ENABLE_MODULES = YES;
				CLANG_ENABLE_OBJC_ARC = YES;
				CLANG_ENABLE_OBJC_WEAK = YES;
				CLANG_WARN_BLOCK_CAPTURE_AUTORELEASING = YES;
				CLANG_WARN_BOOL_CONVERSION = YES;
				CLANG_WARN_COMMA = YES;
				CLANG_WARN_CONSTANT_CONVERSION = YES;
				CLANG_WARN_DEPRECATED_OBJC_IMPLEMENTATIONS = YES;
				CLANG_WARN_DIRECT_OBJC_ISA_USAGE = YES_ERROR;
				CLANG_WARN_DOCUMENTATION_COMMENTS = YES;
				CLANG_WARN_EMPTY_BODY = YES;
				CLANG_WARN_ENUM_CONVERSION = YES;
				CLANG_WARN_INFINITE_RECURSION = YES;
				CLANG_WARN_INT_CONVERSION = YES;
				CLANG_WARN_NON_LITERAL_NULL_CONVERSION = YES;
				CLANG_WARN_OBJC_IMPLICIT_RETAIN_SELF = YES;
				CLANG_WARN_OBJC_LITERAL_CONVERSION = YES;
				CLANG_WARN_OBJC_ROOT_CLASS = YES_ERROR;
				CLANG_WARN_QUOTED_INCLUDE_IN_FRAMEWORK_HEADER = YES;
				CLANG_WARN_RANGE_LOOP_ANALYSIS = YES;
				CLANG_WARN_STRICT_PROTOTYPES = YES;
				CLANG_WARN_SUSPICIOUS_MOVE = YES;
				CLANG_WARN_UNGUARDED_AVAILABILITY = YES_AGGRESSIVE;
				CLANG_WARN_UNREACHABLE_CODE = YES;
				CLANG_WARN__DUPLICATE_METHOD_MATCH = YES;
				CODE_SIGN_IDENTITY = "Apple Development";
				COPY_PHASE_STRIP = NO;
				DEAD_CODE_STRIPPING = YES;
				DEBUG_INFORMATION_FORMAT = dwarf;
				DEVELOPMENT_TEAM = L8N5V6TZE5;
				ENABLE_STRICT_OBJC_MSGSEND = YES;
				ENABLE_TESTABILITY = YES;
				GCC_C_LANGUAGE_STANDARD = gnu11;
				GCC_DYNAMIC_NO_PIC = NO;
				GCC_NO_COMMON_BLOCKS = YES;
				GCC_OPTIMIZATION_LEVEL = 0;
				GCC_PREPROCESSOR_DEFINITIONS = (
					"$(inherited)",
				);
				GCC_WARN_64_TO_32_BIT_CONVERSION = YES;
				GCC_WARN_ABOUT_RETURN_TYPE = YES_ERROR;
				GCC_WARN_UNDECLARED_SELECTOR = YES;
				GCC_WARN_UNINITIALIZED_AUTOS = YES_AGGRESSIVE;
				GCC_WARN_UNUSED_FUNCTION = YES;
				GCC_WARN_UNUSED_VARIABLE = YES;
				HEADER_SEARCH_PATHS = "";
				INSTALL_PATH = "@executable_path";
				LD_RUNPATH_SEARCH_PATHS = "@executable_path";
				LIBRARY_SEARCH_PATHS = (
					"$(inherited)",
					"$(WorkspaceDir)/operating_system",
					"$(WorkspaceDir)/../operating_system/storage-$(PLATFORM_MODIFIER)/library",
				);
				MACOSX_DEPLOYMENT_TARGET = "10.13";
				MTL_ENABLE_DEBUG_INFO = INCLUDE_SOURCE;
				MTL_FAST_MATH = YES;
				ONLY_ACTIVE_ARCH = YES;
				OTHER_LDFLAGS = "-all_load";
				PRODUCT_NAME = "$(TARGET_NAME)";
				SDKROOT = macosx;
				SKIP_INSTALL = YES;
				STRIP_INSTALLED_PRODUCT = NO;
				SYSTEM_HEADER_SEARCH_PATHS = (
					"$(WorkspaceDir)/operating_system",
					"$(WorkspaceDir)/operating_system/operating_system-$(PLATFORM_MODIFIER)",
					"$(WorkspaceDir)/operating_system/operating_system-$(PLATFORM_MODIFIER)/include/configuration_selection/$(CONFIGURATION)",
					"$(WorkspaceDir)/operating_system/operating_system-$(PLATFORM_MODIFIER)/include",
					"$(WorkspaceDir)/port/_",
					"$(WorkspaceDir)/port/include",
					"$(WorkspaceDir)/source/app",
				);
				USER_HEADER_SEARCH_PATHS = (
					.,
					"$(WorkspaceDir)/source",
					"$(WorkspaceDir)/source/include",
					"$(WorkspaceDir)/source/app",
					"$(WorkspaceDir)/source/app/include",
					"$(WorkspaceDir)/operating_system",
					"$(WorkspaceDir)/operating_system/operating_system-$(PLATFORM_MODIFIER)",
					"$(WorkspaceDir)/operating_system/operating_system-$(PLATFORM_MODIFIER)/include/configuration_selection/$(CONFIGURATION)",
					"$(WorkspaceDir)/operating_system/operating_system-$(PLATFORM_MODIFIER)/include",
					"$(WorkspaceDir)/operating_system/operating_system-posix",
					"$(WorkspaceDir)/port/_",
					"$(WorkspaceDir)/port/include",
					"$(PROJECT_DIR)",
					"$(PROJECT_DIR)/..",
					"$(PROJECT_DIR)/../..",
					"$(HOME)/sensitive/sensitive/include",
				);
				USE_HEADERMAP = NO;
				WorkspaceDir = "$(SRCROOT)/../../..";
			};
			name = Debug;
		};
		9AFD80A2297B57D500BAD9DD /* Release */ = {
			isa = XCBuildConfiguration;
			buildSettings = {
				ALWAYS_SEARCH_USER_PATHS = NO;
				CLANG_ANALYZER_NONNULL = YES;
				CLANG_ANALYZER_NUMBER_OBJECT_CONVERSION = YES_AGGRESSIVE;
				CLANG_CXX_LANGUAGE_STANDARD = "gnu++20";
				CLANG_ENABLE_MODULES = YES;
				CLANG_ENABLE_OBJC_ARC = YES;
				CLANG_ENABLE_OBJC_WEAK = YES;
				CLANG_WARN_BLOCK_CAPTURE_AUTORELEASING = YES;
				CLANG_WARN_BOOL_CONVERSION = YES;
				CLANG_WARN_COMMA = YES;
				CLANG_WARN_CONSTANT_CONVERSION = YES;
				CLANG_WARN_DEPRECATED_OBJC_IMPLEMENTATIONS = YES;
				CLANG_WARN_DIRECT_OBJC_ISA_USAGE = YES_ERROR;
				CLANG_WARN_DOCUMENTATION_COMMENTS = YES;
				CLANG_WARN_EMPTY_BODY = YES;
				CLANG_WARN_ENUM_CONVERSION = YES;
				CLANG_WARN_INFINITE_RECURSION = YES;
				CLANG_WARN_INT_CONVERSION = YES;
				CLANG_WARN_NON_LITERAL_NULL_CONVERSION = YES;
				CLANG_WARN_OBJC_IMPLICIT_RETAIN_SELF = YES;
				CLANG_WARN_OBJC_LITERAL_CONVERSION = YES;
				CLANG_WARN_OBJC_ROOT_CLASS = YES_ERROR;
				CLANG_WARN_QUOTED_INCLUDE_IN_FRAMEWORK_HEADER = YES;
				CLANG_WARN_RANGE_LOOP_ANALYSIS = YES;
				CLANG_WARN_STRICT_PROTOTYPES = YES;
				CLANG_WARN_SUSPICIOUS_MOVE = YES;
				CLANG_WARN_UNGUARDED_AVAILABILITY = YES_AGGRESSIVE;
				CLANG_WARN_UNREACHABLE_CODE = YES;
				CLANG_WARN__DUPLICATE_METHOD_MATCH = YES;
				CODE_SIGN_IDENTITY = "Apple Development";
				COPY_PHASE_STRIP = NO;
				DEAD_CODE_STRIPPING = YES;
				DEBUG_INFORMATION_FORMAT = "dwarf-with-dsym";
				DEVELOPMENT_TEAM = L8N5V6TZE5;
				ENABLE_HARDENED_RUNTIME = YES;
				ENABLE_NS_ASSERTIONS = NO;
				ENABLE_STRICT_OBJC_MSGSEND = YES;
				GCC_C_LANGUAGE_STANDARD = gnu11;
				GCC_NO_COMMON_BLOCKS = YES;
				GCC_WARN_64_TO_32_BIT_CONVERSION = YES;
				GCC_WARN_ABOUT_RETURN_TYPE = YES_ERROR;
				GCC_WARN_UNDECLARED_SELECTOR = YES;
				GCC_WARN_UNINITIALIZED_AUTOS = YES_AGGRESSIVE;
				GCC_WARN_UNUSED_FUNCTION = YES;
				GCC_WARN_UNUSED_VARIABLE = YES;
				HEADER_SEARCH_PATHS = "";
				INSTALL_PATH = "@executable_path";
				LD_RUNPATH_SEARCH_PATHS = "@executable_path";
				LIBRARY_SEARCH_PATHS = (
					"$(inherited)",
					"$(WorkspaceDir)/operating_system",
					"$(WorkspaceDir)/../operating_system/storage-$(PLATFORM_MODIFIER)/library",
				);
				MACOSX_DEPLOYMENT_TARGET = "10.13";
				MTL_ENABLE_DEBUG_INFO = NO;
				MTL_FAST_MATH = YES;
				OTHER_LDFLAGS = "-all_load";
				PRODUCT_NAME = "$(TARGET_NAME)";
				SDKROOT = macosx;
				SKIP_INSTALL = YES;
				STRIP_INSTALLED_PRODUCT = NO;
				SYSTEM_HEADER_SEARCH_PATHS = (
					"$(WorkspaceDir)/operating_system",
					"$(WorkspaceDir)/operating_system/operating_system-$(PLATFORM_MODIFIER)",
					"$(WorkspaceDir)/operating_system/operating_system-$(PLATFORM_MODIFIER)/include/configuration_selection/$(CONFIGURATION)",
					"$(WorkspaceDir)/operating_system/operating_system-$(PLATFORM_MODIFIER)/include",
					"$(WorkspaceDir)/port/_",
					"$(WorkspaceDir)/port/include",
					"$(WorkspaceDir)/source/app",
				);
				USER_HEADER_SEARCH_PATHS = (
					.,
					"$(WorkspaceDir)/source",
					"$(WorkspaceDir)/source/include",
					"$(WorkspaceDir)/source/app",
					"$(WorkspaceDir)/source/app/include",
					"$(WorkspaceDir)/operating_system",
					"$(WorkspaceDir)/operating_system/operating_system-$(PLATFORM_MODIFIER)",
					"$(WorkspaceDir)/operating_system/operating_system-$(PLATFORM_MODIFIER)/include/configuration_selection/$(CONFIGURATION)",
					"$(WorkspaceDir)/operating_system/operating_system-$(PLATFORM_MODIFIER)/include",
					"$(WorkspaceDir)/operating_system/operating_system-posix",
					"$(WorkspaceDir)/port/_",
					"$(WorkspaceDir)/port/include",
					"$(PROJECT_DIR)",
					"$(PROJECT_DIR)/..",
					"$(PROJECT_DIR)/../..",
					"$(HOME)/sensitive/sensitive/include",
				);
				USE_HEADERMAP = NO;
				WorkspaceDir = "$(SRCROOT)/../../..";
			};
			name = Release;
		};
		9AFD80A4297B57D500BAD9DD /* Debug */ = {
			isa = XCBuildConfiguration;
			buildSettings = {
				EXECUTABLE_PREFIX = lib;
				PLATFORM_MODIFIER = macos;
			};
			name = Debug;
		};
		9AFD80A5297B57D500BAD9DD /* Release */ = {
			isa = XCBuildConfiguration;
			buildSettings = {
				EXECUTABLE_PREFIX = lib;
				PLATFORM_MODIFIER = macos;
			};
			name = Release;
		};
/* End XCBuildConfiguration section */

/* Begin XCConfigurationList section */
		9AFD809A297B57D500BAD9DD /* Build configuration list for PBXProject "aura_darwin" */ = {
			isa = XCConfigurationList;
			buildConfigurations = (
				9AFD80A1297B57D500BAD9DD /* Debug */,
				9AFD80A2297B57D500BAD9DD /* Release */,
			);
			defaultConfigurationIsVisible = 0;
			defaultConfigurationName = Release;
		};
		9AFD80A3297B57D500BAD9DD /* Build configuration list for PBXNativeTarget "aura_darwin" */ = {
			isa = XCConfigurationList;
			buildConfigurations = (
				9AFD80A4297B57D500BAD9DD /* Debug */,
				9AFD80A5297B57D500BAD9DD /* Release */,
			);
			defaultConfigurationIsVisible = 0;
			defaultConfigurationName = Release;
		};
/* End XCConfigurationList section */
	};
	rootObject = 9AFD8097297B57D500BAD9DD /* Project object */;
}
