// !$*UTF8*$!
{
	archiveVersion = 1;
	classes = {
	};
	objectVersion = 56;
	objects = {

/* Begin PBXBuildFile section */
		9A8EA53A298079C200B26CB9 /* libacme.dylib in Frameworks */ = {isa = PBXBuildFile; fileRef = 9A8EA539298079C200B26CB9 /* libacme.dylib */; };
		9A9DCBDC29B83E4700D1255B /* libacme_posix.dylib in Frameworks */ = {isa = PBXBuildFile; fileRef = 9A9DCB7429B8240E00D1255B /* libacme_posix.dylib */; };
		9AB15D2729A8811400DFDF90 /* _.cpp in Sources */ = {isa = PBXBuildFile; fileRef = 9AFD80DE297B589800BAD9DD /* _.cpp */; };
		9AB15D2829A8811400DFDF90 /* _factory.cpp in Sources */ = {isa = PBXBuildFile; fileRef = 9AFD80EF297B589800BAD9DD /* _factory.cpp */; };
		9AB15D2929A8811400DFDF90 /* acme_directory.cpp in Sources */ = {isa = PBXBuildFile; fileRef = 9AFD80C5297B589800BAD9DD /* acme_directory.cpp */; };
		9AB15D2A29A8811400DFDF90 /* acme_file.cpp in Sources */ = {isa = PBXBuildFile; fileRef = 9AFD80D7297B589800BAD9DD /* acme_file.cpp */; };
		9AB15D2B29A8811400DFDF90 /* acme_path.cpp in Sources */ = {isa = PBXBuildFile; fileRef = 9AFD80CB297B589800BAD9DD /* acme_path.cpp */; };
		9AB15D2C29A8811400DFDF90 /* dbus.cpp in Sources */ = {isa = PBXBuildFile; fileRef = 9AFD80C9297B589800BAD9DD /* dbus.cpp */; };
		9AB15D2D29A8811400DFDF90 /* exclusive.cpp in Sources */ = {isa = PBXBuildFile; fileRef = 9AFD80D2297B589800BAD9DD /* exclusive.cpp */; };
		9AB15D2E29A8811400DFDF90 /* framework.cpp in Sources */ = {isa = PBXBuildFile; fileRef = 9AFD80CA297B589800BAD9DD /* framework.cpp */; };
		9AB15D2F29A8811400DFDF90 /* list_serial_ports.cpp in Sources */ = {isa = PBXBuildFile; fileRef = 9AFD80C4297B589800BAD9DD /* list_serial_ports.cpp */; };
		9AB15D3029A8811400DFDF90 /* mutex.cpp in Sources */ = {isa = PBXBuildFile; fileRef = 9AFD80C2297B589800BAD9DD /* mutex.cpp */; };
		9AB15D3129A8811400DFDF90 /* node_clang_callstack.cpp in Sources */ = {isa = PBXBuildFile; fileRef = 9AFD80C7297B589800BAD9DD /* node_clang_callstack.cpp */; };
		9AB15D3229A8811400DFDF90 /* node.cpp in Sources */ = {isa = PBXBuildFile; fileRef = 9AFD80CE297B589800BAD9DD /* node.cpp */; };
		9AB15D3429A8811400DFDF90 /* libacme.dylib in Frameworks */ = {isa = PBXBuildFile; fileRef = 9A8EA539298079C200B26CB9 /* libacme.dylib */; };
		9AFD8176297B58F900BAD9DD /* _.cpp in Sources */ = {isa = PBXBuildFile; fileRef = 9AFD80DE297B589800BAD9DD /* _.cpp */; };
		9AFD8177297B58F900BAD9DD /* _factory.cpp in Sources */ = {isa = PBXBuildFile; fileRef = 9AFD80EF297B589800BAD9DD /* _factory.cpp */; };
		9AFD8178297B58F900BAD9DD /* acme_directory.cpp in Sources */ = {isa = PBXBuildFile; fileRef = 9AFD80C5297B589800BAD9DD /* acme_directory.cpp */; };
		9AFD8179297B58F900BAD9DD /* acme_file.cpp in Sources */ = {isa = PBXBuildFile; fileRef = 9AFD80D7297B589800BAD9DD /* acme_file.cpp */; };
		9AFD817A297B58F900BAD9DD /* acme_path.cpp in Sources */ = {isa = PBXBuildFile; fileRef = 9AFD80CB297B589800BAD9DD /* acme_path.cpp */; };
		9AFD817B297B58FA00BAD9DD /* dbus.cpp in Sources */ = {isa = PBXBuildFile; fileRef = 9AFD80C9297B589800BAD9DD /* dbus.cpp */; };
		9AFD817C297B58FA00BAD9DD /* exclusive.cpp in Sources */ = {isa = PBXBuildFile; fileRef = 9AFD80D2297B589800BAD9DD /* exclusive.cpp */; };
		9AFD817D297B58FA00BAD9DD /* mutex.cpp in Sources */ = {isa = PBXBuildFile; fileRef = 9AFD80C2297B589800BAD9DD /* mutex.cpp */; };
		9AFD817E297B58FA00BAD9DD /* node_clang_callstack.cpp in Sources */ = {isa = PBXBuildFile; fileRef = 9AFD80C7297B589800BAD9DD /* node_clang_callstack.cpp */; };
		9AFD817F297B58FA00BAD9DD /* node.cpp in Sources */ = {isa = PBXBuildFile; fileRef = 9AFD80CE297B589800BAD9DD /* node.cpp */; };
		9AFD8180297B590000BAD9DD /* framework.cpp in Sources */ = {isa = PBXBuildFile; fileRef = 9AFD80CA297B589800BAD9DD /* framework.cpp */; };
		9AFD8181297B590000BAD9DD /* list_serial_ports.cpp in Sources */ = {isa = PBXBuildFile; fileRef = 9AFD80C4297B589800BAD9DD /* list_serial_ports.cpp */; };
		9AFD81A3297B59E200BAD9DD /* _.cpp in Sources */ = {isa = PBXBuildFile; fileRef = 9AFD80DE297B589800BAD9DD /* _.cpp */; };
		9AFD81A4297B59E200BAD9DD /* _factory.cpp in Sources */ = {isa = PBXBuildFile; fileRef = 9AFD80EF297B589800BAD9DD /* _factory.cpp */; };
		9AFD81A5297B59E200BAD9DD /* acme_directory.cpp in Sources */ = {isa = PBXBuildFile; fileRef = 9AFD80C5297B589800BAD9DD /* acme_directory.cpp */; };
		9AFD81A6297B59E200BAD9DD /* acme_file.cpp in Sources */ = {isa = PBXBuildFile; fileRef = 9AFD80D7297B589800BAD9DD /* acme_file.cpp */; };
		9AFD81A7297B59E200BAD9DD /* acme_path.cpp in Sources */ = {isa = PBXBuildFile; fileRef = 9AFD80CB297B589800BAD9DD /* acme_path.cpp */; };
		9AFD81A8297B59E200BAD9DD /* dbus.cpp in Sources */ = {isa = PBXBuildFile; fileRef = 9AFD80C9297B589800BAD9DD /* dbus.cpp */; };
		9AFD81A9297B59E200BAD9DD /* exclusive.cpp in Sources */ = {isa = PBXBuildFile; fileRef = 9AFD80D2297B589800BAD9DD /* exclusive.cpp */; };
		9AFD81AA297B59E200BAD9DD /* framework.cpp in Sources */ = {isa = PBXBuildFile; fileRef = 9AFD80CA297B589800BAD9DD /* framework.cpp */; };
		9AFD81AB297B59E200BAD9DD /* list_serial_ports.cpp in Sources */ = {isa = PBXBuildFile; fileRef = 9AFD80C4297B589800BAD9DD /* list_serial_ports.cpp */; };
		9AFD81AC297B59E200BAD9DD /* mutex.cpp in Sources */ = {isa = PBXBuildFile; fileRef = 9AFD80C2297B589800BAD9DD /* mutex.cpp */; };
		9AFD81AD297B59E200BAD9DD /* node_clang_callstack.cpp in Sources */ = {isa = PBXBuildFile; fileRef = 9AFD80C7297B589800BAD9DD /* node_clang_callstack.cpp */; };
		9AFD81AE297B59E200BAD9DD /* node.cpp in Sources */ = {isa = PBXBuildFile; fileRef = 9AFD80CE297B589800BAD9DD /* node.cpp */; };
/* End PBXBuildFile section */

/* Begin PBXContainerItemProxy section */
		9A9DCB7329B8240E00D1255B /* PBXContainerItemProxy */ = {
			isa = PBXContainerItemProxy;
			containerPortal = 9A9DCB6C29B8240E00D1255B /* acme_posix.xcodeproj */;
			proxyType = 2;
			remoteGlobalIDString = 9A0C1638264A281D00B5CC33;
			remoteInfo = acme_posix;
		};
		9A9DCB7529B8240E00D1255B /* PBXContainerItemProxy */ = {
			isa = PBXContainerItemProxy;
			containerPortal = 9A9DCB6C29B8240E00D1255B /* acme_posix.xcodeproj */;
			proxyType = 2;
			remoteGlobalIDString = 9A8E9DD7282A2F7E005FF778;
			remoteInfo = ios_acme_posix;
		};
		9A9DCB7729B8240E00D1255B /* PBXContainerItemProxy */ = {
			isa = PBXContainerItemProxy;
			containerPortal = 9A9DCB6C29B8240E00D1255B /* acme_posix.xcodeproj */;
			proxyType = 2;
			remoteGlobalIDString = 9AC14CDB297B3370006D9BD3;
			remoteInfo = static_acme_posix;
		};
		9A9DCB7929B8244100D1255B /* PBXContainerItemProxy */ = {
			isa = PBXContainerItemProxy;
			containerPortal = 9A9DCB6C29B8240E00D1255B /* acme_posix.xcodeproj */;
			proxyType = 1;
			remoteGlobalIDString = 9A0C1637264A281D00B5CC33;
			remoteInfo = acme_posix;
		};
		9A9DCB7B29B8245000D1255B /* PBXContainerItemProxy */ = {
			isa = PBXContainerItemProxy;
			containerPortal = 9A9DCB6C29B8240E00D1255B /* acme_posix.xcodeproj */;
			proxyType = 1;
			remoteGlobalIDString = 9AC14CB7297B3370006D9BD3;
			remoteInfo = static_acme_posix;
		};
/* End PBXContainerItemProxy section */

/* Begin PBXFileReference section */
		9A8EA539298079C200B26CB9 /* libacme.dylib */ = {isa = PBXFileReference; explicitFileType = "compiled.mach-o.dylib"; path = libacme.dylib; sourceTree = BUILT_PRODUCTS_DIR; };
		9A9DCB6C29B8240E00D1255B /* acme_posix.xcodeproj */ = {isa = PBXFileReference; lastKnownFileType = "wrapper.pb-project"; name = acme_posix.xcodeproj; path = "../../operating_system-posix/acme_posix/acme_posix.xcodeproj"; sourceTree = "<group>"; };
		9AB15D3929A8811400DFDF90 /* libios_acme_darwin.a */ = {isa = PBXFileReference; explicitFileType = "compiled.mach-o.dylib"; includeInIndex = 0; path = libios_acme_darwin.a; sourceTree = BUILT_PRODUCTS_DIR; };
		9AFD807F297B578700BAD9DD /* libacme_darwin.dylib */ = {isa = PBXFileReference; explicitFileType = "compiled.mach-o.dylib"; includeInIndex = 0; path = libacme_darwin.dylib; sourceTree = BUILT_PRODUCTS_DIR; };
		9AFD80BA297B584000BAD9DD /* libstatic_acme_darwin.a */ = {isa = PBXFileReference; explicitFileType = "compiled.mach-o.dylib"; includeInIndex = 0; path = libstatic_acme_darwin.a; sourceTree = BUILT_PRODUCTS_DIR; };
		9AFD80C2297B589800BAD9DD /* mutex.cpp */ = {isa = PBXFileReference; lastKnownFileType = sourcecode.cpp.cpp; path = mutex.cpp; sourceTree = "<group>"; };
		9AFD80C3297B589800BAD9DD /* acme_directory.h */ = {isa = PBXFileReference; lastKnownFileType = sourcecode.c.h; path = acme_directory.h; sourceTree = "<group>"; };
		9AFD80C4297B589800BAD9DD /* list_serial_ports.cpp */ = {isa = PBXFileReference; lastKnownFileType = sourcecode.cpp.cpp; path = list_serial_ports.cpp; sourceTree = "<group>"; };
		9AFD80C5297B589800BAD9DD /* acme_directory.cpp */ = {isa = PBXFileReference; lastKnownFileType = sourcecode.cpp.cpp; path = acme_directory.cpp; sourceTree = "<group>"; };
		9AFD80C7297B589800BAD9DD /* node_clang_callstack.cpp */ = {isa = PBXFileReference; lastKnownFileType = sourcecode.cpp.cpp; path = node_clang_callstack.cpp; sourceTree = "<group>"; };
		9AFD80C9297B589800BAD9DD /* dbus.cpp */ = {isa = PBXFileReference; lastKnownFileType = sourcecode.cpp.cpp; path = dbus.cpp; sourceTree = "<group>"; };
		9AFD80CA297B589800BAD9DD /* framework.cpp */ = {isa = PBXFileReference; lastKnownFileType = sourcecode.cpp.cpp; path = framework.cpp; sourceTree = "<group>"; };
		9AFD80CB297B589800BAD9DD /* acme_path.cpp */ = {isa = PBXFileReference; lastKnownFileType = sourcecode.cpp.cpp; path = acme_path.cpp; sourceTree = "<group>"; };
		9AFD80CE297B589800BAD9DD /* node.cpp */ = {isa = PBXFileReference; lastKnownFileType = sourcecode.cpp.cpp; path = node.cpp; sourceTree = "<group>"; };
		9AFD80D2297B589800BAD9DD /* exclusive.cpp */ = {isa = PBXFileReference; lastKnownFileType = sourcecode.cpp.cpp; path = exclusive.cpp; sourceTree = "<group>"; };
		9AFD80D4297B589800BAD9DD /* node.h */ = {isa = PBXFileReference; lastKnownFileType = sourcecode.c.h; path = node.h; sourceTree = "<group>"; };
		9AFD80D7297B589800BAD9DD /* acme_file.cpp */ = {isa = PBXFileReference; lastKnownFileType = sourcecode.cpp.cpp; path = acme_file.cpp; sourceTree = "<group>"; };
		9AFD80DE297B589800BAD9DD /* _.cpp */ = {isa = PBXFileReference; lastKnownFileType = sourcecode.cpp.cpp; path = _.cpp; sourceTree = "<group>"; };
		9AFD80DF297B589800BAD9DD /* acme_path.h */ = {isa = PBXFileReference; lastKnownFileType = sourcecode.c.h; path = acme_path.h; sourceTree = "<group>"; };
		9AFD80E4297B589800BAD9DD /* file_lock.h */ = {isa = PBXFileReference; lastKnownFileType = sourcecode.c.h; path = file_lock.h; sourceTree = "<group>"; };
		9AFD80E5297B589800BAD9DD /* resource.h */ = {isa = PBXFileReference; lastKnownFileType = sourcecode.c.h; path = resource.h; sourceTree = "<group>"; };
		9AFD80E7297B589800BAD9DD /* framework.h */ = {isa = PBXFileReference; lastKnownFileType = sourcecode.c.h; path = framework.h; sourceTree = "<group>"; };
		9AFD80E8297B589800BAD9DD /* mutex.h */ = {isa = PBXFileReference; lastKnownFileType = sourcecode.c.h; path = mutex.h; sourceTree = "<group>"; };
		9AFD80E9297B589800BAD9DD /* exclusive.h */ = {isa = PBXFileReference; lastKnownFileType = sourcecode.c.h; path = exclusive.h; sourceTree = "<group>"; };
		9AFD80EF297B589800BAD9DD /* _factory.cpp */ = {isa = PBXFileReference; lastKnownFileType = sourcecode.cpp.cpp; path = _factory.cpp; sourceTree = "<group>"; };
		9AFD80F4297B589800BAD9DD /* acme_file.h */ = {isa = PBXFileReference; lastKnownFileType = sourcecode.c.h; path = acme_file.h; sourceTree = "<group>"; };
		9AFD80F5297B589800BAD9DD /* _.h */ = {isa = PBXFileReference; lastKnownFileType = sourcecode.c.h; path = _.h; sourceTree = "<group>"; };
/* End PBXFileReference section */

/* Begin PBXFrameworksBuildPhase section */
		9AB15D3329A8811400DFDF90 /* Frameworks */ = {
			isa = PBXFrameworksBuildPhase;
			buildActionMask = 2147483647;
			files = (
				9AB15D3429A8811400DFDF90 /* libacme.dylib in Frameworks */,
			);
			runOnlyForDeploymentPostprocessing = 0;
		};
		9AFD807D297B578700BAD9DD /* Frameworks */ = {
			isa = PBXFrameworksBuildPhase;
			buildActionMask = 2147483647;
			files = (
				9A9DCBDC29B83E4700D1255B /* libacme_posix.dylib in Frameworks */,
				9A8EA53A298079C200B26CB9 /* libacme.dylib in Frameworks */,
			);
			runOnlyForDeploymentPostprocessing = 0;
		};
/* End PBXFrameworksBuildPhase section */

/* Begin PBXGroup section */
		9A8EA537298079AD00B26CB9 /* Frameworks */ = {
			isa = PBXGroup;
			children = (
				9A8EA539298079C200B26CB9 /* libacme.dylib */,
			);
			name = Frameworks;
			sourceTree = "<group>";
		};
		9A9DCB6D29B8240E00D1255B /* Products */ = {
			isa = PBXGroup;
			children = (
				9A9DCB7429B8240E00D1255B /* libacme_posix.dylib */,
				9A9DCB7629B8240E00D1255B /* libios_acme_posix.a */,
				9A9DCB7829B8240E00D1255B /* libstatic_acme_posix.a */,
			);
			name = Products;
			sourceTree = "<group>";
		};
		9AFD8076297B578700BAD9DD = {
			isa = PBXGroup;
			children = (
				9A9DCB6C29B8240E00D1255B /* acme_posix.xcodeproj */,
				9AFD80BE297B589800BAD9DD /* acme_darwin */,
				9AFD8080297B578700BAD9DD /* Products */,
				9A8EA537298079AD00B26CB9 /* Frameworks */,
			);
			sourceTree = "<group>";
		};
		9AFD8080297B578700BAD9DD /* Products */ = {
			isa = PBXGroup;
			children = (
				9AFD807F297B578700BAD9DD /* libacme_darwin.dylib */,
				9AFD80BA297B584000BAD9DD /* libstatic_acme_darwin.a */,
				9AB15D3929A8811400DFDF90 /* libios_acme_darwin.a */,
			);
			name = Products;
			sourceTree = "<group>";
		};
		9AFD80BE297B589800BAD9DD /* acme_darwin */ = {
			isa = PBXGroup;
			children = (
				9AFD80DE297B589800BAD9DD /* _.cpp */,
				9AFD80F5297B589800BAD9DD /* _.h */,
				9AFD80EF297B589800BAD9DD /* _factory.cpp */,
				9AFD80C5297B589800BAD9DD /* acme_directory.cpp */,
				9AFD80C3297B589800BAD9DD /* acme_directory.h */,
				9AFD80D7297B589800BAD9DD /* acme_file.cpp */,
				9AFD80F4297B589800BAD9DD /* acme_file.h */,
				9AFD80CB297B589800BAD9DD /* acme_path.cpp */,
				9AFD80DF297B589800BAD9DD /* acme_path.h */,
				9AFD80C9297B589800BAD9DD /* dbus.cpp */,
				9AFD80D2297B589800BAD9DD /* exclusive.cpp */,
				9AFD80E9297B589800BAD9DD /* exclusive.h */,
				9AFD80E4297B589800BAD9DD /* file_lock.h */,
				9AFD80CA297B589800BAD9DD /* framework.cpp */,
				9AFD80E7297B589800BAD9DD /* framework.h */,
				9AFD80C4297B589800BAD9DD /* list_serial_ports.cpp */,
				9AFD80C2297B589800BAD9DD /* mutex.cpp */,
				9AFD80E8297B589800BAD9DD /* mutex.h */,
				9AFD80C7297B589800BAD9DD /* node_clang_callstack.cpp */,
				9AFD80CE297B589800BAD9DD /* node.cpp */,
				9AFD80D4297B589800BAD9DD /* node.h */,
				9AFD80E5297B589800BAD9DD /* resource.h */,
			);
			name = acme_darwin;
			sourceTree = "<group>";
		};
/* End PBXGroup section */

/* Begin PBXHeadersBuildPhase section */
		9AB15D2529A8811400DFDF90 /* Headers */ = {
			isa = PBXHeadersBuildPhase;
			buildActionMask = 2147483647;
			files = (
			);
			runOnlyForDeploymentPostprocessing = 0;
		};
		9AFD807B297B578700BAD9DD /* Headers */ = {
			isa = PBXHeadersBuildPhase;
			buildActionMask = 2147483647;
			files = (
			);
			runOnlyForDeploymentPostprocessing = 0;
		};
		9AFD80B4297B584000BAD9DD /* Headers */ = {
			isa = PBXHeadersBuildPhase;
			buildActionMask = 2147483647;
			files = (
			);
			runOnlyForDeploymentPostprocessing = 0;
		};
/* End PBXHeadersBuildPhase section */

/* Begin PBXNativeTarget section */
		9AB15D2229A8811400DFDF90 /* ios_acme_darwin */ = {
			isa = PBXNativeTarget;
			buildConfigurationList = 9AB15D3629A8811400DFDF90 /* Build configuration list for PBXNativeTarget "ios_acme_darwin" */;
			buildPhases = (
				9AB15D2529A8811400DFDF90 /* Headers */,
				9AB15D2629A8811400DFDF90 /* Sources */,
				9AB15D3329A8811400DFDF90 /* Frameworks */,
			);
			buildRules = (
			);
			dependencies = (
			);
			name = ios_acme_darwin;
			productName = acme_darwin;
			productReference = 9AB15D3929A8811400DFDF90 /* libios_acme_darwin.a */;
			productType = "com.apple.product-type.library.dynamic";
		};
		9AFD807E297B578700BAD9DD /* acme_darwin */ = {
			isa = PBXNativeTarget;
			buildConfigurationList = 9AFD8083297B578700BAD9DD /* Build configuration list for PBXNativeTarget "acme_darwin" */;
			buildPhases = (
				9AFD807B297B578700BAD9DD /* Headers */,
				9AFD807C297B578700BAD9DD /* Sources */,
				9AFD807D297B578700BAD9DD /* Frameworks */,
			);
			buildRules = (
			);
			dependencies = (
				9A9DCB7A29B8244100D1255B /* PBXTargetDependency */,
			);
			name = acme_darwin;
			productName = acme_darwin;
			productReference = 9AFD807F297B578700BAD9DD /* libacme_darwin.dylib */;
			productType = "com.apple.product-type.library.dynamic";
		};
		9AFD80B3297B584000BAD9DD /* static_acme_darwin */ = {
			isa = PBXNativeTarget;
			buildConfigurationList = 9AFD80B7297B584000BAD9DD /* Build configuration list for PBXNativeTarget "static_acme_darwin" */;
			buildPhases = (
				9AFD80B4297B584000BAD9DD /* Headers */,
				9AFD80B5297B584000BAD9DD /* Sources */,
			);
			buildRules = (
			);
			dependencies = (
				9A9DCB7C29B8245000D1255B /* PBXTargetDependency */,
			);
			name = static_acme_darwin;
			productName = acme_darwin;
			productReference = 9AFD80BA297B584000BAD9DD /* libstatic_acme_darwin.a */;
			productType = "com.apple.product-type.library.dynamic";
		};
/* End PBXNativeTarget section */

/* Begin PBXProject section */
		9AFD8077297B578700BAD9DD /* Project object */ = {
			isa = PBXProject;
			attributes = {
				BuildIndependentTargetsInParallel = 1;
				LastUpgradeCheck = 1420;
				TargetAttributes = {
					9AFD807E297B578700BAD9DD = {
						CreatedOnToolsVersion = 14.2;
					};
				};
			};
			buildConfigurationList = 9AFD807A297B578700BAD9DD /* Build configuration list for PBXProject "acme_darwin" */;
			compatibilityVersion = "Xcode 14.0";
			developmentRegion = en;
			hasScannedForEncodings = 0;
			knownRegions = (
				en,
				Base,
			);
			mainGroup = 9AFD8076297B578700BAD9DD;
			productRefGroup = 9AFD8080297B578700BAD9DD /* Products */;
			projectDirPath = "";
			projectReferences = (
				{
					ProductGroup = 9A9DCB6D29B8240E00D1255B /* Products */;
					ProjectRef = 9A9DCB6C29B8240E00D1255B /* acme_posix.xcodeproj */;
				},
			);
			projectRoot = "";
			targets = (
				9AFD807E297B578700BAD9DD /* acme_darwin */,
				9AB15D2229A8811400DFDF90 /* ios_acme_darwin */,
				9AFD80B3297B584000BAD9DD /* static_acme_darwin */,
			);
		};
/* End PBXProject section */

/* Begin PBXReferenceProxy section */
		9A9DCB7429B8240E00D1255B /* libacme_posix.dylib */ = {
			isa = PBXReferenceProxy;
			fileType = "compiled.mach-o.dylib";
			path = libacme_posix.dylib;
			remoteRef = 9A9DCB7329B8240E00D1255B /* PBXContainerItemProxy */;
			sourceTree = BUILT_PRODUCTS_DIR;
		};
		9A9DCB7629B8240E00D1255B /* libios_acme_posix.a */ = {
			isa = PBXReferenceProxy;
			fileType = "compiled.mach-o.dylib";
			path = libios_acme_posix.a;
			remoteRef = 9A9DCB7529B8240E00D1255B /* PBXContainerItemProxy */;
			sourceTree = BUILT_PRODUCTS_DIR;
		};
		9A9DCB7829B8240E00D1255B /* libstatic_acme_posix.a */ = {
			isa = PBXReferenceProxy;
			fileType = "compiled.mach-o.dylib";
			path = libstatic_acme_posix.a;
			remoteRef = 9A9DCB7729B8240E00D1255B /* PBXContainerItemProxy */;
			sourceTree = BUILT_PRODUCTS_DIR;
		};
/* End PBXReferenceProxy section */

/* Begin PBXSourcesBuildPhase section */
		9AB15D2629A8811400DFDF90 /* Sources */ = {
			isa = PBXSourcesBuildPhase;
			buildActionMask = 2147483647;
			files = (
				9AB15D2729A8811400DFDF90 /* _.cpp in Sources */,
				9AB15D2829A8811400DFDF90 /* _factory.cpp in Sources */,
				9AB15D2929A8811400DFDF90 /* acme_directory.cpp in Sources */,
				9AB15D2A29A8811400DFDF90 /* acme_file.cpp in Sources */,
				9AB15D2B29A8811400DFDF90 /* acme_path.cpp in Sources */,
				9AB15D2C29A8811400DFDF90 /* dbus.cpp in Sources */,
				9AB15D2D29A8811400DFDF90 /* exclusive.cpp in Sources */,
				9AB15D2E29A8811400DFDF90 /* framework.cpp in Sources */,
				9AB15D2F29A8811400DFDF90 /* list_serial_ports.cpp in Sources */,
				9AB15D3029A8811400DFDF90 /* mutex.cpp in Sources */,
				9AB15D3129A8811400DFDF90 /* node_clang_callstack.cpp in Sources */,
				9AB15D3229A8811400DFDF90 /* node.cpp in Sources */,
			);
			runOnlyForDeploymentPostprocessing = 0;
		};
		9AFD807C297B578700BAD9DD /* Sources */ = {
			isa = PBXSourcesBuildPhase;
			buildActionMask = 2147483647;
			files = (
				9AFD81A3297B59E200BAD9DD /* _.cpp in Sources */,
				9AFD81A4297B59E200BAD9DD /* _factory.cpp in Sources */,
				9AFD81A5297B59E200BAD9DD /* acme_directory.cpp in Sources */,
				9AFD81A6297B59E200BAD9DD /* acme_file.cpp in Sources */,
				9AFD81A7297B59E200BAD9DD /* acme_path.cpp in Sources */,
				9AFD81A8297B59E200BAD9DD /* dbus.cpp in Sources */,
				9AFD81A9297B59E200BAD9DD /* exclusive.cpp in Sources */,
				9AFD81AA297B59E200BAD9DD /* framework.cpp in Sources */,
				9AFD81AB297B59E200BAD9DD /* list_serial_ports.cpp in Sources */,
				9AFD81AC297B59E200BAD9DD /* mutex.cpp in Sources */,
				9AFD81AD297B59E200BAD9DD /* node_clang_callstack.cpp in Sources */,
				9AFD81AE297B59E200BAD9DD /* node.cpp in Sources */,
			);
			runOnlyForDeploymentPostprocessing = 0;
		};
		9AFD80B5297B584000BAD9DD /* Sources */ = {
			isa = PBXSourcesBuildPhase;
			buildActionMask = 2147483647;
			files = (
				9AFD8180297B590000BAD9DD /* framework.cpp in Sources */,
				9AFD8181297B590000BAD9DD /* list_serial_ports.cpp in Sources */,
				9AFD8176297B58F900BAD9DD /* _.cpp in Sources */,
				9AFD8177297B58F900BAD9DD /* _factory.cpp in Sources */,
				9AFD8178297B58F900BAD9DD /* acme_directory.cpp in Sources */,
				9AFD8179297B58F900BAD9DD /* acme_file.cpp in Sources */,
				9AFD817A297B58F900BAD9DD /* acme_path.cpp in Sources */,
				9AFD817B297B58FA00BAD9DD /* dbus.cpp in Sources */,
				9AFD817C297B58FA00BAD9DD /* exclusive.cpp in Sources */,
				9AFD817D297B58FA00BAD9DD /* mutex.cpp in Sources */,
				9AFD817E297B58FA00BAD9DD /* node_clang_callstack.cpp in Sources */,
				9AFD817F297B58FA00BAD9DD /* node.cpp in Sources */,
			);
			runOnlyForDeploymentPostprocessing = 0;
		};
/* End PBXSourcesBuildPhase section */

/* Begin PBXTargetDependency section */
		9A9DCB7A29B8244100D1255B /* PBXTargetDependency */ = {
			isa = PBXTargetDependency;
			name = acme_posix;
			targetProxy = 9A9DCB7929B8244100D1255B /* PBXContainerItemProxy */;
		};
		9A9DCB7C29B8245000D1255B /* PBXTargetDependency */ = {
			isa = PBXTargetDependency;
			name = static_acme_posix;
			targetProxy = 9A9DCB7B29B8245000D1255B /* PBXContainerItemProxy */;
		};
/* End PBXTargetDependency section */

/* Begin XCBuildConfiguration section */
		9AB15D3729A8811400DFDF90 /* Debug */ = {
			isa = XCBuildConfiguration;
			buildSettings = {
				EXECUTABLE_EXTENSION = a;
				EXECUTABLE_PREFIX = lib;
				MACH_O_TYPE = staticlib;
				PLATFORM_MODIFIER = macos;
				SDKROOT = iphoneos;
			};
			name = Debug;
		};
		9AB15D3829A8811400DFDF90 /* Release */ = {
			isa = XCBuildConfiguration;
			buildSettings = {
				EXECUTABLE_EXTENSION = a;
				EXECUTABLE_PREFIX = lib;
				MACH_O_TYPE = staticlib;
				PLATFORM_MODIFIER = macos;
				SDKROOT = iphoneos;
			};
			name = Release;
		};
		9AFD8081297B578700BAD9DD /* Debug */ = {
			isa = XCBuildConfiguration;
			buildSettings = {
				ALWAYS_SEARCH_USER_PATHS = NO;
				CLANG_ANALYZER_NONNULL = YES;
				CLANG_ANALYZER_NUMBER_OBJECT_CONVERSION = YES_AGGRESSIVE;
				CLANG_CXX_LANGUAGE_STANDARD = "gnu++20";
				CLANG_ENABLE_MODULES = YES;
				CLANG_ENABLE_OBJC_ARC = YES;
				CLANG_ENABLE_OBJC_WEAK = YES;
				CLANG_WARN_BLOCK_CAPTURE_AUTORELEASING = YES;
				CLANG_WARN_BOOL_CONVERSION = YES;
				CLANG_WARN_COMMA = YES;
				CLANG_WARN_CONSTANT_CONVERSION = YES;
				CLANG_WARN_DEPRECATED_OBJC_IMPLEMENTATIONS = YES;
				CLANG_WARN_DIRECT_OBJC_ISA_USAGE = YES_ERROR;
				CLANG_WARN_DOCUMENTATION_COMMENTS = YES;
				CLANG_WARN_EMPTY_BODY = YES;
				CLANG_WARN_ENUM_CONVERSION = YES;
				CLANG_WARN_INFINITE_RECURSION = YES;
				CLANG_WARN_INT_CONVERSION = YES;
				CLANG_WARN_NON_LITERAL_NULL_CONVERSION = YES;
				CLANG_WARN_OBJC_IMPLICIT_RETAIN_SELF = YES;
				CLANG_WARN_OBJC_LITERAL_CONVERSION = YES;
				CLANG_WARN_OBJC_ROOT_CLASS = YES_ERROR;
				CLANG_WARN_QUOTED_INCLUDE_IN_FRAMEWORK_HEADER = YES;
				CLANG_WARN_RANGE_LOOP_ANALYSIS = YES;
				CLANG_WARN_STRICT_PROTOTYPES = YES;
				CLANG_WARN_SUSPICIOUS_MOVE = YES;
				CLANG_WARN_UNGUARDED_AVAILABILITY = YES_AGGRESSIVE;
				CLANG_WARN_UNREACHABLE_CODE = YES;
				CLANG_WARN__DUPLICATE_METHOD_MATCH = YES;
				CODE_SIGN_IDENTITY = "Apple Development";
				COPY_PHASE_STRIP = NO;
				DEAD_CODE_STRIPPING = YES;
				DEBUG_INFORMATION_FORMAT = dwarf;
				DEVELOPMENT_TEAM = L8N5V6TZE5;
				ENABLE_STRICT_OBJC_MSGSEND = YES;
				ENABLE_TESTABILITY = YES;
				GCC_C_LANGUAGE_STANDARD = gnu11;
				GCC_DYNAMIC_NO_PIC = NO;
				GCC_NO_COMMON_BLOCKS = YES;
				GCC_OPTIMIZATION_LEVEL = 0;
				GCC_PREPROCESSOR_DEFINITIONS = (
					"DEBUG=1",
					"$(inherited)",
				);
				GCC_WARN_64_TO_32_BIT_CONVERSION = YES;
				GCC_WARN_ABOUT_RETURN_TYPE = YES_ERROR;
				GCC_WARN_UNDECLARED_SELECTOR = YES;
				GCC_WARN_UNINITIALIZED_AUTOS = YES_AGGRESSIVE;
				GCC_WARN_UNUSED_FUNCTION = YES;
				GCC_WARN_UNUSED_VARIABLE = YES;
				HEADER_SEARCH_PATHS = "";
				INSTALL_PATH = "@executable_path";
				LD_RUNPATH_SEARCH_PATHS = "@executable_path";
				LIBRARY_SEARCH_PATHS = (
					"$(inherited)",
					"$(WorkspaceDir)/operating_system",
					"$(WorkspaceDir)/../operating_system/storage-$(PLATFORM_MODIFIER)/library",
				);
				MACOSX_DEPLOYMENT_TARGET = 10.13;
				MTL_ENABLE_DEBUG_INFO = INCLUDE_SOURCE;
				MTL_FAST_MATH = YES;
				ONLY_ACTIVE_ARCH = YES;
				OTHER_LDFLAGS = "-all_load";
				PRODUCT_NAME = "$(TARGET_NAME)";
				SDKROOT = macosx;
				SKIP_INSTALL = YES;
				STRIP_INSTALLED_PRODUCT = NO;
				SYSTEM_HEADER_SEARCH_PATHS = (
					"$(WorkspaceDir)/operating_system",
					"$(WorkspaceDir)/operating_system/operating_system-$(PLATFORM_MODIFIER)",
					"$(WorkspaceDir)/operating_system/operating_system-$(PLATFORM_MODIFIER)/include",
					"$(WorkspaceDir)/port/_",
					"$(WorkspaceDir)/port/include",
					"$(WorkspaceDir)/source/app",
				);
				USER_HEADER_SEARCH_PATHS = (
					.,
					"$(WorkspaceDir)/source",
					"$(WorkspaceDir)/source/include",
					"$(WorkspaceDir)/source/app",
					"$(WorkspaceDir)/source/app/include",
					"$(WorkspaceDir)/operating_system",
					"$(WorkspaceDir)/operating_system/operating_system-$(PLATFORM_MODIFIER)",
					"$(WorkspaceDir)/operating_system/operating_system-$(PLATFORM_MODIFIER)/include",
					"$(WorkspaceDir)/operating_system/operating_system-posix",
					"$(WorkspaceDir)/port/_",
					"$(WorkspaceDir)/port/include",
					"$(PROJECT_DIR)",
					"$(PROJECT_DIR)/..",
					"$(PROJECT_DIR)/../..",
					"$(HOME)/sensitive/sensitive/include",
				);
				USE_HEADERMAP = NO;
				WorkspaceDir = "$(SRCROOT)/../../..";
			};
			name = Debug;
		};
		9AFD8082297B578700BAD9DD /* Release */ = {
			isa = XCBuildConfiguration;
			buildSettings = {
				ALWAYS_SEARCH_USER_PATHS = NO;
				CLANG_ANALYZER_NONNULL = YES;
				CLANG_ANALYZER_NUMBER_OBJECT_CONVERSION = YES_AGGRESSIVE;
				CLANG_CXX_LANGUAGE_STANDARD = "gnu++20";
				CLANG_ENABLE_MODULES = YES;
				CLANG_ENABLE_OBJC_ARC = YES;
				CLANG_ENABLE_OBJC_WEAK = YES;
				CLANG_WARN_BLOCK_CAPTURE_AUTORELEASING = YES;
				CLANG_WARN_BOOL_CONVERSION = YES;
				CLANG_WARN_COMMA = YES;
				CLANG_WARN_CONSTANT_CONVERSION = YES;
				CLANG_WARN_DEPRECATED_OBJC_IMPLEMENTATIONS = YES;
				CLANG_WARN_DIRECT_OBJC_ISA_USAGE = YES_ERROR;
				CLANG_WARN_DOCUMENTATION_COMMENTS = YES;
				CLANG_WARN_EMPTY_BODY = YES;
				CLANG_WARN_ENUM_CONVERSION = YES;
				CLANG_WARN_INFINITE_RECURSION = YES;
				CLANG_WARN_INT_CONVERSION = YES;
				CLANG_WARN_NON_LITERAL_NULL_CONVERSION = YES;
				CLANG_WARN_OBJC_IMPLICIT_RETAIN_SELF = YES;
				CLANG_WARN_OBJC_LITERAL_CONVERSION = YES;
				CLANG_WARN_OBJC_ROOT_CLASS = YES_ERROR;
				CLANG_WARN_QUOTED_INCLUDE_IN_FRAMEWORK_HEADER = YES;
				CLANG_WARN_RANGE_LOOP_ANALYSIS = YES;
				CLANG_WARN_STRICT_PROTOTYPES = YES;
				CLANG_WARN_SUSPICIOUS_MOVE = YES;
				CLANG_WARN_UNGUARDED_AVAILABILITY = YES_AGGRESSIVE;
				CLANG_WARN_UNREACHABLE_CODE = YES;
				CLANG_WARN__DUPLICATE_METHOD_MATCH = YES;
				CODE_SIGN_IDENTITY = "Apple Development";
				COPY_PHASE_STRIP = NO;
				DEAD_CODE_STRIPPING = YES;
				DEBUG_INFORMATION_FORMAT = "dwarf-with-dsym";
				DEVELOPMENT_TEAM = L8N5V6TZE5;
				ENABLE_HARDENED_RUNTIME = YES;
				ENABLE_NS_ASSERTIONS = NO;
				ENABLE_STRICT_OBJC_MSGSEND = YES;
				GCC_C_LANGUAGE_STANDARD = gnu11;
				GCC_NO_COMMON_BLOCKS = YES;
				GCC_WARN_64_TO_32_BIT_CONVERSION = YES;
				GCC_WARN_ABOUT_RETURN_TYPE = YES_ERROR;
				GCC_WARN_UNDECLARED_SELECTOR = YES;
				GCC_WARN_UNINITIALIZED_AUTOS = YES_AGGRESSIVE;
				GCC_WARN_UNUSED_FUNCTION = YES;
				GCC_WARN_UNUSED_VARIABLE = YES;
				HEADER_SEARCH_PATHS = "";
				INSTALL_PATH = "@executable_path";
				LD_RUNPATH_SEARCH_PATHS = "@executable_path";
				LIBRARY_SEARCH_PATHS = (
					"$(inherited)",
					"$(WorkspaceDir)/operating_system",
					"$(WorkspaceDir)/../operating_system/storage-$(PLATFORM_MODIFIER)/library",
				);
				MACOSX_DEPLOYMENT_TARGET = 10.13;
				MTL_ENABLE_DEBUG_INFO = NO;
				MTL_FAST_MATH = YES;
				OTHER_LDFLAGS = "-all_load";
				PRODUCT_NAME = "$(TARGET_NAME)";
				SDKROOT = macosx;
				SKIP_INSTALL = YES;
				STRIP_INSTALLED_PRODUCT = NO;
				SYSTEM_HEADER_SEARCH_PATHS = (
					"$(WorkspaceDir)/operating_system",
					"$(WorkspaceDir)/operating_system/operating_system-$(PLATFORM_MODIFIER)",
					"$(WorkspaceDir)/operating_system/operating_system-$(PLATFORM_MODIFIER)/include",
					"$(WorkspaceDir)/port/_",
					"$(WorkspaceDir)/port/include",
					"$(WorkspaceDir)/source/app",
				);
				USER_HEADER_SEARCH_PATHS = (
					.,
					"$(WorkspaceDir)/source",
					"$(WorkspaceDir)/source/include",
					"$(WorkspaceDir)/source/app",
					"$(WorkspaceDir)/source/app/include",
					"$(WorkspaceDir)/operating_system",
					"$(WorkspaceDir)/operating_system/operating_system-$(PLATFORM_MODIFIER)",
					"$(WorkspaceDir)/operating_system/operating_system-$(PLATFORM_MODIFIER)/include",
					"$(WorkspaceDir)/operating_system/operating_system-posix",
					"$(WorkspaceDir)/port/_",
					"$(WorkspaceDir)/port/include",
					"$(PROJECT_DIR)",
					"$(PROJECT_DIR)/..",
					"$(PROJECT_DIR)/../..",
					"$(HOME)/sensitive/sensitive/include",
				);
				USE_HEADERMAP = NO;
				WorkspaceDir = "$(SRCROOT)/../../..";
			};
			name = Release;
		};
		9AFD8084297B578700BAD9DD /* Debug */ = {
			isa = XCBuildConfiguration;
			buildSettings = {
				EXECUTABLE_PREFIX = lib;
				PLATFORM_MODIFIER = macos;
			};
			name = Debug;
		};
		9AFD8085297B578700BAD9DD /* Release */ = {
			isa = XCBuildConfiguration;
			buildSettings = {
				EXECUTABLE_PREFIX = lib;
				PLATFORM_MODIFIER = macos;
			};
			name = Release;
		};
		9AFD80B8297B584000BAD9DD /* Debug */ = {
			isa = XCBuildConfiguration;
			buildSettings = {
				CODE_SIGN_STYLE = Automatic;
				DEVELOPMENT_TEAM = L8N5V6TZE5;
				DYLIB_COMPATIBILITY_VERSION = 1;
				DYLIB_CURRENT_VERSION = 1;
				EXECUTABLE_EXTENSION = "$(STATIC_LIBRARY_EXTENSION:default=a)";
				EXECUTABLE_PREFIX = lib;
				GCC_PREPROCESSOR_DEFINITIONS = (
					CUBE,
					"DEBUG=1",
					"$(inherited)",
				);
				MACH_O_TYPE = staticlib;
				PLATFORM_MODIFIER = macos;
				SKIP_INSTALL = YES;
				USER_HEADER_SEARCH_PATHS = (
					.,
					"$(WorkspaceDir)/source",
					"$(WorkspaceDir)/source/include",
					"$(WorkspaceDir)/source/app",
					"$(WorkspaceDir)/source/app/include",
					"$(WorkspaceDir)/operating_system",
					"$(WorkspaceDir)/operating_system/operating_system-$(PLATFORM_MODIFIER)",
					"$(WorkspaceDir)/operating_system/operating_system-$(PLATFORM_MODIFIER)/include",
					"$(WorkspaceDir)/operating_system/operating_system-posix",
					"$(WorkspaceDir)/port/_",
					"$(WorkspaceDir)/port/include",
					"$(PROJECT_DIR)",
					"$(PROJECT_DIR)/..",
					"$(PROJECT_DIR)/../..",
					"$(HOME)/sensitive/sensitive/include",
				);
			};
			name = Debug;
		};
		9AFD80B9297B584000BAD9DD /* Release */ = {
			isa = XCBuildConfiguration;
			buildSettings = {
				CODE_SIGN_STYLE = Automatic;
				DEVELOPMENT_TEAM = L8N5V6TZE5;
				DYLIB_COMPATIBILITY_VERSION = 1;
				DYLIB_CURRENT_VERSION = 1;
				EXECUTABLE_EXTENSION = "$(STATIC_LIBRARY_EXTENSION:default=a)";
				EXECUTABLE_PREFIX = lib;
				GCC_PREPROCESSOR_DEFINITIONS = CUBE;
				MACH_O_TYPE = staticlib;
				PLATFORM_MODIFIER = macos;
				SKIP_INSTALL = YES;
				USER_HEADER_SEARCH_PATHS = (
					.,
					"$(WorkspaceDir)/source",
					"$(WorkspaceDir)/source/include",
					"$(WorkspaceDir)/source/app",
					"$(WorkspaceDir)/source/app/include",
					"$(WorkspaceDir)/operating_system",
					"$(WorkspaceDir)/operating_system/operating_system-$(PLATFORM_MODIFIER)",
					"$(WorkspaceDir)/operating_system/operating_system-$(PLATFORM_MODIFIER)/include",
					"$(WorkspaceDir)/operating_system/operating_system-posix",
					"$(WorkspaceDir)/port/_",
					"$(WorkspaceDir)/port/include",
					"$(PROJECT_DIR)",
					"$(PROJECT_DIR)/..",
					"$(PROJECT_DIR)/../..",
					"$(HOME)/sensitive/sensitive/include",
				);
			};
			name = Release;
		};
/* End XCBuildConfiguration section */

/* Begin XCConfigurationList section */
		9AB15D3629A8811400DFDF90 /* Build configuration list for PBXNativeTarget "ios_acme_darwin" */ = {
			isa = XCConfigurationList;
			buildConfigurations = (
				9AB15D3729A8811400DFDF90 /* Debug */,
				9AB15D3829A8811400DFDF90 /* Release */,
			);
			defaultConfigurationIsVisible = 0;
			defaultConfigurationName = Release;
		};
		9AFD807A297B578700BAD9DD /* Build configuration list for PBXProject "acme_darwin" */ = {
			isa = XCConfigurationList;
			buildConfigurations = (
				9AFD8081297B578700BAD9DD /* Debug */,
				9AFD8082297B578700BAD9DD /* Release */,
			);
			defaultConfigurationIsVisible = 0;
			defaultConfigurationName = Release;
		};
		9AFD8083297B578700BAD9DD /* Build configuration list for PBXNativeTarget "acme_darwin" */ = {
			isa = XCConfigurationList;
			buildConfigurations = (
				9AFD8084297B578700BAD9DD /* Debug */,
				9AFD8085297B578700BAD9DD /* Release */,
			);
			defaultConfigurationIsVisible = 0;
			defaultConfigurationName = Release;
		};
		9AFD80B7297B584000BAD9DD /* Build configuration list for PBXNativeTarget "static_acme_darwin" */ = {
			isa = XCConfigurationList;
			buildConfigurations = (
				9AFD80B8297B584000BAD9DD /* Debug */,
				9AFD80B9297B584000BAD9DD /* Release */,
			);
			defaultConfigurationIsVisible = 0;
			defaultConfigurationName = Release;
		};
/* End XCConfigurationList section */
	};
	rootObject = 9AFD8077297B578700BAD9DD /* Project object */;
}
