// !$*UTF8*$!
{
	archiveVersion = 1;
	classes = {
	};
	objectVersion = 56;
	objects = {

/* Begin PBXBuildFile section */
		9AB15B8F29A871CE00DFDF90 /* shell.h in Headers */ = {isa = PBXBuildFile; fileRef = 9AB15B3C29A871C800DFDF90 /* shell.h */; };
		9AB15B9129A871CE00DFDF90 /* user_notify_icon_bridge.h in Headers */ = {isa = PBXBuildFile; fileRef = 9AB15B3F29A871C800DFDF90 /* user_notify_icon_bridge.h */; };
		9AB15B9329A871CE00DFDF90 /* clipboard_data.h in Headers */ = {isa = PBXBuildFile; fileRef = 9AB15B4129A871C800DFDF90 /* clipboard_data.h */; };
		9AB15B9429A871CE00DFDF90 /* framework.cpp in Sources */ = {isa = PBXBuildFile; fileRef = 9AB15B4229A871C800DFDF90 /* framework.cpp */; };
		9AB15B9529A871CE00DFDF90 /* node.cpp in Sources */ = {isa = PBXBuildFile; fileRef = 9AB15B4529A871C800DFDF90 /* node.cpp */; };
		9AB15B9629A871CE00DFDF90 /* node.h in Headers */ = {isa = PBXBuildFile; fileRef = 9AB15B4A29A871C800DFDF90 /* node.h */; };
		9AB15B9729A871CE00DFDF90 /* _.cpp in Sources */ = {isa = PBXBuildFile; fileRef = 9AB15B4C29A871C800DFDF90 /* _.cpp */; };
		9AB15B9929A871CE00DFDF90 /* user.h in Headers */ = {isa = PBXBuildFile; fileRef = 9AB15B4E29A871C800DFDF90 /* user.h */; };
		9AB15B9A29A871CE00DFDF90 /* resource.h in Headers */ = {isa = PBXBuildFile; fileRef = 9AB15B4F29A871C800DFDF90 /* resource.h */; };
		9AB15BAA29A871CE00DFDF90 /* framework.h in Headers */ = {isa = PBXBuildFile; fileRef = 9AB15B6829A871C900DFDF90 /* framework.h */; };
		9AB15BB429A871CE00DFDF90 /* appindicator.h in Headers */ = {isa = PBXBuildFile; fileRef = 9AB15B8329A871CA00DFDF90 /* appindicator.h */; };
		9AB15BB729A871CE00DFDF90 /* _factory.cpp in Sources */ = {isa = PBXBuildFile; fileRef = 9AB15B8629A871CA00DFDF90 /* _factory.cpp */; };
		9AB15BB829A871CE00DFDF90 /* _x11.h in Headers */ = {isa = PBXBuildFile; fileRef = 9AB15B8729A871CA00DFDF90 /* _x11.h */; };
		9AB15BB929A871CE00DFDF90 /* _.h in Headers */ = {isa = PBXBuildFile; fileRef = 9AB15B8829A871CA00DFDF90 /* _.h */; };
		9AB15C6E29A87CAC00DFDF90 /* user_notify_icon_bridge.h in Headers */ = {isa = PBXBuildFile; fileRef = 9AB15B3F29A871C800DFDF90 /* user_notify_icon_bridge.h */; };
		9AB15C6F29A87CAC00DFDF90 /* clipboard_data.h in Headers */ = {isa = PBXBuildFile; fileRef = 9AB15B4129A871C800DFDF90 /* clipboard_data.h */; };
		9AB15C7029A87CAC00DFDF90 /* _.h in Headers */ = {isa = PBXBuildFile; fileRef = 9AB15B8829A871CA00DFDF90 /* _.h */; };
		9AB15C7129A87CAC00DFDF90 /* node.h in Headers */ = {isa = PBXBuildFile; fileRef = 9AB15B4A29A871C800DFDF90 /* node.h */; };
		9AB15C7229A87CAC00DFDF90 /* resource.h in Headers */ = {isa = PBXBuildFile; fileRef = 9AB15B4F29A871C800DFDF90 /* resource.h */; };
		9AB15C7329A87CAC00DFDF90 /* user.h in Headers */ = {isa = PBXBuildFile; fileRef = 9AB15B4E29A871C800DFDF90 /* user.h */; };
		9AB15C7429A87CAC00DFDF90 /* shell.h in Headers */ = {isa = PBXBuildFile; fileRef = 9AB15B3C29A871C800DFDF90 /* shell.h */; };
		9AB15C7529A87CAC00DFDF90 /* appindicator.h in Headers */ = {isa = PBXBuildFile; fileRef = 9AB15B8329A871CA00DFDF90 /* appindicator.h */; };
		9AB15C7629A87CAC00DFDF90 /* framework.h in Headers */ = {isa = PBXBuildFile; fileRef = 9AB15B6829A871C900DFDF90 /* framework.h */; };
		9AB15C7729A87CAC00DFDF90 /* _x11.h in Headers */ = {isa = PBXBuildFile; fileRef = 9AB15B8729A871CA00DFDF90 /* _x11.h */; };
		9AB15C7929A87CAC00DFDF90 /* _.cpp in Sources */ = {isa = PBXBuildFile; fileRef = 9AB15B4C29A871C800DFDF90 /* _.cpp */; };
		9AB15C7A29A87CAC00DFDF90 /* _factory.cpp in Sources */ = {isa = PBXBuildFile; fileRef = 9AB15B8629A871CA00DFDF90 /* _factory.cpp */; };
		9AB15C7B29A87CAC00DFDF90 /* framework.cpp in Sources */ = {isa = PBXBuildFile; fileRef = 9AB15B4229A871C800DFDF90 /* framework.cpp */; };
		9AB15C7C29A87CAC00DFDF90 /* node.cpp in Sources */ = {isa = PBXBuildFile; fileRef = 9AB15B4529A871C800DFDF90 /* node.cpp */; };
		9AB1605829A89BF600DFDF90 /* libacme.dylib in Frameworks */ = {isa = PBXBuildFile; fileRef = 9AB1605729A89BF600DFDF90 /* libacme.dylib */; };
		9AB1606F29A89D2D00DFDF90 /* libacme_posix.dylib in Frameworks */ = {isa = PBXBuildFile; fileRef = 9AB1606E29A89D2D00DFDF90 /* libacme_posix.dylib */; };
		9AB1607129A89D6400DFDF90 /* libapex_posix.dylib in Frameworks */ = {isa = PBXBuildFile; fileRef = 9AB1607029A89D6400DFDF90 /* libapex_posix.dylib */; };
		9AB1607329A89D9200DFDF90 /* libapex.dylib in Frameworks */ = {isa = PBXBuildFile; fileRef = 9AB1607229A89D9200DFDF90 /* libapex.dylib */; };
		9AB1607529A89DB000DFDF90 /* libaura.dylib in Frameworks */ = {isa = PBXBuildFile; fileRef = 9AB1607429A89DB000DFDF90 /* libaura.dylib */; };
		9AB1607629A89DD600DFDF90 /* libapex_darwin.dylib in Frameworks */ = {isa = PBXBuildFile; fileRef = 9AB15BCD29A8727D00DFDF90 /* libapex_darwin.dylib */; };
		9AB1607729A89E0000DFDF90 /* libaura_posix.dylib in Frameworks */ = {isa = PBXBuildFile; fileRef = 9AB15BC329A8725C00DFDF90 /* libaura_posix.dylib */; };
		9AB1607E29A8A16A00DFDF90 /* libacme_darwin.dylib in Frameworks */ = {isa = PBXBuildFile; fileRef = 9AB1607D29A8A16A00DFDF90 /* libacme_darwin.dylib */; };
/* End PBXBuildFile section */

/* Begin PBXContainerItemProxy section */
		9AB15BC229A8725C00DFDF90 /* PBXContainerItemProxy */ = {
			isa = PBXContainerItemProxy;
			containerPortal = 9AB15BBA29A8725B00DFDF90 /* aura_posix.xcodeproj */;
			proxyType = 2;
			remoteGlobalIDString = A1CFD778154F5EAA007447E2;
			remoteInfo = aura_posix;
		};
		9AB15BC429A8725C00DFDF90 /* PBXContainerItemProxy */ = {
			isa = PBXContainerItemProxy;
			containerPortal = 9AB15BBA29A8725B00DFDF90 /* aura_posix.xcodeproj */;
			proxyType = 2;
			remoteGlobalIDString = 07B657B8190F3CBF002DAADE;
			remoteInfo = ios_aura_posix;
		};
		9AB15BC629A8725C00DFDF90 /* PBXContainerItemProxy */ = {
			isa = PBXContainerItemProxy;
			containerPortal = 9AB15BBA29A8725B00DFDF90 /* aura_posix.xcodeproj */;
			proxyType = 2;
			remoteGlobalIDString = 07B657C7190F3CBF002DAADE;
			remoteInfo = music_midi_core_audio_iosTests;
		};
		9AB15BCC29A8727D00DFDF90 /* PBXContainerItemProxy */ = {
			isa = PBXContainerItemProxy;
			containerPortal = 9AB15BC829A8727C00DFDF90 /* apex_darwin.xcodeproj */;
			proxyType = 2;
			remoteGlobalIDString = 9AFD808F297B57C400BAD9DD;
			remoteInfo = apex_darwin;
		};
		9AB15BCE29A8729C00DFDF90 /* PBXContainerItemProxy */ = {
			isa = PBXContainerItemProxy;
			containerPortal = 9AB15BBA29A8725B00DFDF90 /* aura_posix.xcodeproj */;
			proxyType = 1;
			remoteGlobalIDString = A1CFD777154F5EAA007447E2;
			remoteInfo = aura_posix;
		};
		9AB15BD029A872AC00DFDF90 /* PBXContainerItemProxy */ = {
			isa = PBXContainerItemProxy;
			containerPortal = 9AB15BC829A8727C00DFDF90 /* apex_darwin.xcodeproj */;
			proxyType = 1;
			remoteGlobalIDString = 9AFD808E297B57C400BAD9DD;
			remoteInfo = apex_darwin;
		};
		9AB15C6A29A87CAC00DFDF90 /* PBXContainerItemProxy */ = {
			isa = PBXContainerItemProxy;
			containerPortal = 9AB15BC829A8727C00DFDF90 /* apex_darwin.xcodeproj */;
			proxyType = 1;
			remoteGlobalIDString = 9AFD808E297B57C400BAD9DD;
			remoteInfo = apex_darwin;
		};
		9AB15C6C29A87CAC00DFDF90 /* PBXContainerItemProxy */ = {
			isa = PBXContainerItemProxy;
			containerPortal = 9AB15BBA29A8725B00DFDF90 /* aura_posix.xcodeproj */;
			proxyType = 1;
			remoteGlobalIDString = A1CFD777154F5EAA007447E2;
			remoteInfo = aura_posix;
		};
		9AB1605A29A89BF600DFDF90 /* PBXContainerItemProxy */ = {
			isa = PBXContainerItemProxy;
			containerPortal = 9AB15BC829A8727C00DFDF90 /* apex_darwin.xcodeproj */;
			proxyType = 2;
			remoteGlobalIDString = 9AB15EA429A8848C00DFDF90;
			remoteInfo = ios_apex_darwin;
		};
/* End PBXContainerItemProxy section */

/* Begin PBXFileReference section */
		9AB15B3029A8715900DFDF90 /* libaura_darwin.dylib */ = {isa = PBXFileReference; explicitFileType = "compiled.mach-o.dylib"; includeInIndex = 0; path = libaura_darwin.dylib; sourceTree = BUILT_PRODUCTS_DIR; };
		9AB15B3C29A871C800DFDF90 /* shell.h */ = {isa = PBXFileReference; fileEncoding = 4; lastKnownFileType = sourcecode.c.h; path = shell.h; sourceTree = "<group>"; };
		9AB15B3F29A871C800DFDF90 /* user_notify_icon_bridge.h */ = {isa = PBXFileReference; fileEncoding = 4; lastKnownFileType = sourcecode.c.h; path = user_notify_icon_bridge.h; sourceTree = "<group>"; };
		9AB15B4129A871C800DFDF90 /* clipboard_data.h */ = {isa = PBXFileReference; fileEncoding = 4; lastKnownFileType = sourcecode.c.h; path = clipboard_data.h; sourceTree = "<group>"; };
		9AB15B4229A871C800DFDF90 /* framework.cpp */ = {isa = PBXFileReference; fileEncoding = 4; lastKnownFileType = sourcecode.cpp.cpp; path = framework.cpp; sourceTree = "<group>"; };
		9AB15B4529A871C800DFDF90 /* node.cpp */ = {isa = PBXFileReference; fileEncoding = 4; lastKnownFileType = sourcecode.cpp.cpp; path = node.cpp; sourceTree = "<group>"; };
		9AB15B4A29A871C800DFDF90 /* node.h */ = {isa = PBXFileReference; fileEncoding = 4; lastKnownFileType = sourcecode.c.h; path = node.h; sourceTree = "<group>"; };
		9AB15B4C29A871C800DFDF90 /* _.cpp */ = {isa = PBXFileReference; fileEncoding = 4; lastKnownFileType = sourcecode.cpp.cpp; path = _.cpp; sourceTree = "<group>"; };
		9AB15B4D29A871C800DFDF90 /* appindicator.cpp */ = {isa = PBXFileReference; fileEncoding = 4; lastKnownFileType = sourcecode.cpp.cpp; path = appindicator.cpp; sourceTree = "<group>"; };
		9AB15B4E29A871C800DFDF90 /* user.h */ = {isa = PBXFileReference; fileEncoding = 4; lastKnownFileType = sourcecode.c.h; path = user.h; sourceTree = "<group>"; };
		9AB15B4F29A871C800DFDF90 /* resource.h */ = {isa = PBXFileReference; fileEncoding = 4; lastKnownFileType = sourcecode.c.h; path = resource.h; sourceTree = "<group>"; };
		9AB15B6829A871C900DFDF90 /* framework.h */ = {isa = PBXFileReference; fileEncoding = 4; lastKnownFileType = sourcecode.c.h; path = framework.h; sourceTree = "<group>"; };
		9AB15B8329A871CA00DFDF90 /* appindicator.h */ = {isa = PBXFileReference; fileEncoding = 4; lastKnownFileType = sourcecode.c.h; path = appindicator.h; sourceTree = "<group>"; };
		9AB15B8429A871CA00DFDF90 /* shell.cpp */ = {isa = PBXFileReference; fileEncoding = 4; lastKnownFileType = sourcecode.cpp.cpp; path = shell.cpp; sourceTree = "<group>"; };
		9AB15B8629A871CA00DFDF90 /* _factory.cpp */ = {isa = PBXFileReference; fileEncoding = 4; lastKnownFileType = sourcecode.cpp.cpp; path = _factory.cpp; sourceTree = "<group>"; };
		9AB15B8729A871CA00DFDF90 /* _x11.h */ = {isa = PBXFileReference; fileEncoding = 4; lastKnownFileType = sourcecode.c.h; path = _x11.h; sourceTree = "<group>"; };
		9AB15B8829A871CA00DFDF90 /* _.h */ = {isa = PBXFileReference; fileEncoding = 4; lastKnownFileType = sourcecode.c.h; path = _.h; sourceTree = "<group>"; };
		9AB15BBA29A8725B00DFDF90 /* aura_posix.xcodeproj */ = {isa = PBXFileReference; lastKnownFileType = "wrapper.pb-project"; name = aura_posix.xcodeproj; path = "../../operating_system-posix/aura_posix/aura_posix.xcodeproj"; sourceTree = "<group>"; };
		9AB15BC829A8727C00DFDF90 /* apex_darwin.xcodeproj */ = {isa = PBXFileReference; lastKnownFileType = "wrapper.pb-project"; name = apex_darwin.xcodeproj; path = ../apex_darwin/apex_darwin.xcodeproj; sourceTree = "<group>"; };
		9AB15C8129A87CAC00DFDF90 /* libios_aura_darwin.a */ = {isa = PBXFileReference; explicitFileType = "compiled.mach-o.dylib"; includeInIndex = 0; path = libios_aura_darwin.a; sourceTree = BUILT_PRODUCTS_DIR; };
		9AB1605729A89BF600DFDF90 /* libacme.dylib */ = {isa = PBXFileReference; explicitFileType = "compiled.mach-o.dylib"; path = libacme.dylib; sourceTree = BUILT_PRODUCTS_DIR; };
		9AB1606E29A89D2D00DFDF90 /* libacme_posix.dylib */ = {isa = PBXFileReference; explicitFileType = "compiled.mach-o.dylib"; path = libacme_posix.dylib; sourceTree = BUILT_PRODUCTS_DIR; };
		9AB1607029A89D6400DFDF90 /* libapex_posix.dylib */ = {isa = PBXFileReference; explicitFileType = "compiled.mach-o.dylib"; path = libapex_posix.dylib; sourceTree = BUILT_PRODUCTS_DIR; };
		9AB1607229A89D9200DFDF90 /* libapex.dylib */ = {isa = PBXFileReference; explicitFileType = "compiled.mach-o.dylib"; path = libapex.dylib; sourceTree = BUILT_PRODUCTS_DIR; };
		9AB1607429A89DB000DFDF90 /* libaura.dylib */ = {isa = PBXFileReference; explicitFileType = "compiled.mach-o.dylib"; path = libaura.dylib; sourceTree = BUILT_PRODUCTS_DIR; };
		9AB1607D29A8A16A00DFDF90 /* libacme_darwin.dylib */ = {isa = PBXFileReference; explicitFileType = "compiled.mach-o.dylib"; path = libacme_darwin.dylib; sourceTree = BUILT_PRODUCTS_DIR; };
/* End PBXFileReference section */

/* Begin PBXFrameworksBuildPhase section */
		9AB15B2E29A8715900DFDF90 /* Frameworks */ = {
			isa = PBXFrameworksBuildPhase;
			buildActionMask = 2147483647;
			files = (
				9AB1607E29A8A16A00DFDF90 /* libacme_darwin.dylib in Frameworks */,
				9AB1607629A89DD600DFDF90 /* libapex_darwin.dylib in Frameworks */,
				9AB1607729A89E0000DFDF90 /* libaura_posix.dylib in Frameworks */,
				9AB1607529A89DB000DFDF90 /* libaura.dylib in Frameworks */,
				9AB1607329A89D9200DFDF90 /* libapex.dylib in Frameworks */,
				9AB1607129A89D6400DFDF90 /* libapex_posix.dylib in Frameworks */,
				9AB1606F29A89D2D00DFDF90 /* libacme_posix.dylib in Frameworks */,
				9AB1605829A89BF600DFDF90 /* libacme.dylib in Frameworks */,
			);
			runOnlyForDeploymentPostprocessing = 0;
		};
		9AB15C7D29A87CAC00DFDF90 /* Frameworks */ = {
			isa = PBXFrameworksBuildPhase;
			buildActionMask = 2147483647;
			files = (
			);
			runOnlyForDeploymentPostprocessing = 0;
		};
/* End PBXFrameworksBuildPhase section */

/* Begin PBXGroup section */
		9AB15B2729A8715900DFDF90 = {
			isa = PBXGroup;
			children = (
				9AB15BBA29A8725B00DFDF90 /* aura_posix.xcodeproj */,
				9AB15BC829A8727C00DFDF90 /* apex_darwin.xcodeproj */,
				9AB15B3729A871C800DFDF90 /* aura_darwin */,
				9AB15B3129A8715900DFDF90 /* Products */,
				9AB1605629A89BF500DFDF90 /* Frameworks */,
			);
			sourceTree = "<group>";
		};
		9AB15B3129A8715900DFDF90 /* Products */ = {
			isa = PBXGroup;
			children = (
				9AB15B3029A8715900DFDF90 /* libaura_darwin.dylib */,
				9AB15C8129A87CAC00DFDF90 /* libios_aura_darwin.a */,
			);
			name = Products;
			sourceTree = "<group>";
		};
		9AB15B3729A871C800DFDF90 /* aura_darwin */ = {
			isa = PBXGroup;
			children = (
				9AB15B4C29A871C800DFDF90 /* _.cpp */,
				9AB15B8829A871CA00DFDF90 /* _.h */,
				9AB15B8629A871CA00DFDF90 /* _factory.cpp */,
				9AB15B8729A871CA00DFDF90 /* _x11.h */,
				9AB15B4D29A871C800DFDF90 /* appindicator.cpp */,
				9AB15B8329A871CA00DFDF90 /* appindicator.h */,
				9AB15B4129A871C800DFDF90 /* clipboard_data.h */,
				9AB15B4229A871C800DFDF90 /* framework.cpp */,
				9AB15B6829A871C900DFDF90 /* framework.h */,
				9AB15B4529A871C800DFDF90 /* node.cpp */,
				9AB15B4A29A871C800DFDF90 /* node.h */,
				9AB15B4F29A871C800DFDF90 /* resource.h */,
				9AB15B8429A871CA00DFDF90 /* shell.cpp */,
				9AB15B3C29A871C800DFDF90 /* shell.h */,
				9AB15B3F29A871C800DFDF90 /* user_notify_icon_bridge.h */,
				9AB15B4E29A871C800DFDF90 /* user.h */,
			);
			name = aura_darwin;
			sourceTree = "<group>";
		};
		9AB15BBB29A8725B00DFDF90 /* Products */ = {
			isa = PBXGroup;
			children = (
				9AB15BC329A8725C00DFDF90 /* libaura_posix.dylib */,
				9AB15BC529A8725C00DFDF90 /* libios_aura_posix.a */,
				9AB15BC729A8725C00DFDF90 /* music_midi_core_audio_iosTests.xctest */,
			);
			name = Products;
			sourceTree = "<group>";
		};
		9AB15BC929A8727C00DFDF90 /* Products */ = {
			isa = PBXGroup;
			children = (
				9AB15BCD29A8727D00DFDF90 /* libapex_darwin.dylib */,
				9AB1605B29A89BF600DFDF90 /* libios_apex_darwin.a */,
			);
			name = Products;
			sourceTree = "<group>";
		};
		9AB1605629A89BF500DFDF90 /* Frameworks */ = {
			isa = PBXGroup;
			children = (
				9AB1607D29A8A16A00DFDF90 /* libacme_darwin.dylib */,
				9AB1607429A89DB000DFDF90 /* libaura.dylib */,
				9AB1607229A89D9200DFDF90 /* libapex.dylib */,
				9AB1607029A89D6400DFDF90 /* libapex_posix.dylib */,
				9AB1606E29A89D2D00DFDF90 /* libacme_posix.dylib */,
				9AB1605729A89BF600DFDF90 /* libacme.dylib */,
			);
			name = Frameworks;
			sourceTree = "<group>";
		};
/* End PBXGroup section */

/* Begin PBXHeadersBuildPhase section */
		9AB15B2C29A8715900DFDF90 /* Headers */ = {
			isa = PBXHeadersBuildPhase;
			buildActionMask = 2147483647;
			files = (
				9AB15B9129A871CE00DFDF90 /* user_notify_icon_bridge.h in Headers */,
				9AB15B9329A871CE00DFDF90 /* clipboard_data.h in Headers */,
				9AB15BB929A871CE00DFDF90 /* _.h in Headers */,
				9AB15B9629A871CE00DFDF90 /* node.h in Headers */,
				9AB15B9A29A871CE00DFDF90 /* resource.h in Headers */,
				9AB15B9929A871CE00DFDF90 /* user.h in Headers */,
				9AB15B8F29A871CE00DFDF90 /* shell.h in Headers */,
				9AB15BB429A871CE00DFDF90 /* appindicator.h in Headers */,
				9AB15BAA29A871CE00DFDF90 /* framework.h in Headers */,
				9AB15BB829A871CE00DFDF90 /* _x11.h in Headers */,
			);
			runOnlyForDeploymentPostprocessing = 0;
		};
		9AB15C6D29A87CAC00DFDF90 /* Headers */ = {
			isa = PBXHeadersBuildPhase;
			buildActionMask = 2147483647;
			files = (
				9AB15C6E29A87CAC00DFDF90 /* user_notify_icon_bridge.h in Headers */,
				9AB15C6F29A87CAC00DFDF90 /* clipboard_data.h in Headers */,
				9AB15C7029A87CAC00DFDF90 /* _.h in Headers */,
				9AB15C7129A87CAC00DFDF90 /* node.h in Headers */,
				9AB15C7229A87CAC00DFDF90 /* resource.h in Headers */,
				9AB15C7329A87CAC00DFDF90 /* user.h in Headers */,
				9AB15C7429A87CAC00DFDF90 /* shell.h in Headers */,
				9AB15C7529A87CAC00DFDF90 /* appindicator.h in Headers */,
				9AB15C7629A87CAC00DFDF90 /* framework.h in Headers */,
				9AB15C7729A87CAC00DFDF90 /* _x11.h in Headers */,
			);
			runOnlyForDeploymentPostprocessing = 0;
		};
/* End PBXHeadersBuildPhase section */

/* Begin PBXNativeTarget section */
		9AB15B2F29A8715900DFDF90 /* aura_darwin */ = {
			isa = PBXNativeTarget;
			buildConfigurationList = 9AB15B3429A8715900DFDF90 /* Build configuration list for PBXNativeTarget "aura_darwin" */;
			buildPhases = (
				9AB15B2C29A8715900DFDF90 /* Headers */,
				9AB15B2D29A8715900DFDF90 /* Sources */,
				9AB15B2E29A8715900DFDF90 /* Frameworks */,
			);
			buildRules = (
			);
			dependencies = (
				9AB15BD129A872AC00DFDF90 /* PBXTargetDependency */,
				9AB15BCF29A8729C00DFDF90 /* PBXTargetDependency */,
			);
			name = aura_darwin;
			productName = aura_darwin;
			productReference = 9AB15B3029A8715900DFDF90 /* libaura_darwin.dylib */;
			productType = "com.apple.product-type.library.dynamic";
		};
		9AB15C6829A87CAC00DFDF90 /* ios_aura_darwin */ = {
			isa = PBXNativeTarget;
			buildConfigurationList = 9AB15C7E29A87CAC00DFDF90 /* Build configuration list for PBXNativeTarget "ios_aura_darwin" */;
			buildPhases = (
				9AB15C6D29A87CAC00DFDF90 /* Headers */,
				9AB15C7829A87CAC00DFDF90 /* Sources */,
				9AB15C7D29A87CAC00DFDF90 /* Frameworks */,
			);
			buildRules = (
			);
			dependencies = (
				9AB15C6929A87CAC00DFDF90 /* PBXTargetDependency */,
				9AB15C6B29A87CAC00DFDF90 /* PBXTargetDependency */,
			);
			name = ios_aura_darwin;
			productName = aura_darwin;
			productReference = 9AB15C8129A87CAC00DFDF90 /* libios_aura_darwin.a */;
			productType = "com.apple.product-type.library.dynamic";
		};
/* End PBXNativeTarget section */

/* Begin PBXProject section */
		9AB15B2829A8715900DFDF90 /* Project object */ = {
			isa = PBXProject;
			attributes = {
				BuildIndependentTargetsInParallel = 1;
				LastUpgradeCheck = 1420;
				TargetAttributes = {
					9AB15B2F29A8715900DFDF90 = {
						CreatedOnToolsVersion = 14.2;
					};
				};
			};
			buildConfigurationList = 9AB15B2B29A8715900DFDF90 /* Build configuration list for PBXProject "aura_darwin" */;
			compatibilityVersion = "Xcode 14.0";
			developmentRegion = en;
			hasScannedForEncodings = 0;
			knownRegions = (
				en,
				Base,
			);
			mainGroup = 9AB15B2729A8715900DFDF90;
			productRefGroup = 9AB15B3129A8715900DFDF90 /* Products */;
			projectDirPath = "";
			projectReferences = (
				{
					ProductGroup = 9AB15BC929A8727C00DFDF90 /* Products */;
					ProjectRef = 9AB15BC829A8727C00DFDF90 /* apex_darwin.xcodeproj */;
				},
				{
					ProductGroup = 9AB15BBB29A8725B00DFDF90 /* Products */;
					ProjectRef = 9AB15BBA29A8725B00DFDF90 /* aura_posix.xcodeproj */;
				},
			);
			projectRoot = "";
			targets = (
				9AB15B2F29A8715900DFDF90 /* aura_darwin */,
				9AB15C6829A87CAC00DFDF90 /* ios_aura_darwin */,
			);
		};
/* End PBXProject section */

/* Begin PBXReferenceProxy section */
		9AB15BC329A8725C00DFDF90 /* libaura_posix.dylib */ = {
			isa = PBXReferenceProxy;
			fileType = "compiled.mach-o.dylib";
			path = libaura_posix.dylib;
			remoteRef = 9AB15BC229A8725C00DFDF90 /* PBXContainerItemProxy */;
			sourceTree = BUILT_PRODUCTS_DIR;
		};
		9AB15BC529A8725C00DFDF90 /* libios_aura_posix.a */ = {
			isa = PBXReferenceProxy;
			fileType = archive.ar;
			path = libios_aura_posix.a;
			remoteRef = 9AB15BC429A8725C00DFDF90 /* PBXContainerItemProxy */;
			sourceTree = BUILT_PRODUCTS_DIR;
		};
		9AB15BC729A8725C00DFDF90 /* music_midi_core_audio_iosTests.xctest */ = {
			isa = PBXReferenceProxy;
			fileType = wrapper.cfbundle;
			path = music_midi_core_audio_iosTests.xctest;
			remoteRef = 9AB15BC629A8725C00DFDF90 /* PBXContainerItemProxy */;
			sourceTree = BUILT_PRODUCTS_DIR;
		};
		9AB15BCD29A8727D00DFDF90 /* libapex_darwin.dylib */ = {
			isa = PBXReferenceProxy;
			fileType = "compiled.mach-o.dylib";
			path = libapex_darwin.dylib;
			remoteRef = 9AB15BCC29A8727D00DFDF90 /* PBXContainerItemProxy */;
			sourceTree = BUILT_PRODUCTS_DIR;
		};
		9AB1605B29A89BF600DFDF90 /* libios_apex_darwin.a */ = {
			isa = PBXReferenceProxy;
			fileType = "compiled.mach-o.dylib";
			path = libios_apex_darwin.a;
			remoteRef = 9AB1605A29A89BF600DFDF90 /* PBXContainerItemProxy */;
			sourceTree = BUILT_PRODUCTS_DIR;
		};
/* End PBXReferenceProxy section */

/* Begin PBXSourcesBuildPhase section */
		9AB15B2D29A8715900DFDF90 /* Sources */ = {
			isa = PBXSourcesBuildPhase;
			buildActionMask = 2147483647;
			files = (
				9AB15B9729A871CE00DFDF90 /* _.cpp in Sources */,
				9AB15BB729A871CE00DFDF90 /* _factory.cpp in Sources */,
				9AB15B9429A871CE00DFDF90 /* framework.cpp in Sources */,
				9AB15B9529A871CE00DFDF90 /* node.cpp in Sources */,
			);
			runOnlyForDeploymentPostprocessing = 0;
		};
		9AB15C7829A87CAC00DFDF90 /* Sources */ = {
			isa = PBXSourcesBuildPhase;
			buildActionMask = 2147483647;
			files = (
				9AB15C7929A87CAC00DFDF90 /* _.cpp in Sources */,
				9AB15C7A29A87CAC00DFDF90 /* _factory.cpp in Sources */,
				9AB15C7B29A87CAC00DFDF90 /* framework.cpp in Sources */,
				9AB15C7C29A87CAC00DFDF90 /* node.cpp in Sources */,
			);
			runOnlyForDeploymentPostprocessing = 0;
		};
/* End PBXSourcesBuildPhase section */

/* Begin PBXTargetDependency section */
		9AB15BCF29A8729C00DFDF90 /* PBXTargetDependency */ = {
			isa = PBXTargetDependency;
			name = aura_posix;
			targetProxy = 9AB15BCE29A8729C00DFDF90 /* PBXContainerItemProxy */;
		};
		9AB15BD129A872AC00DFDF90 /* PBXTargetDependency */ = {
			isa = PBXTargetDependency;
			name = apex_darwin;
			targetProxy = 9AB15BD029A872AC00DFDF90 /* PBXContainerItemProxy */;
		};
		9AB15C6929A87CAC00DFDF90 /* PBXTargetDependency */ = {
			isa = PBXTargetDependency;
			name = apex_darwin;
			targetProxy = 9AB15C6A29A87CAC00DFDF90 /* PBXContainerItemProxy */;
		};
		9AB15C6B29A87CAC00DFDF90 /* PBXTargetDependency */ = {
			isa = PBXTargetDependency;
			name = aura_posix;
			targetProxy = 9AB15C6C29A87CAC00DFDF90 /* PBXContainerItemProxy */;
		};
/* End PBXTargetDependency section */

/* Begin XCBuildConfiguration section */
		9AB15B3229A8715900DFDF90 /* Debug */ = {
			isa = XCBuildConfiguration;
			buildSettings = {
				ALWAYS_SEARCH_USER_PATHS = NO;
				CLANG_ANALYZER_NONNULL = YES;
				CLANG_ANALYZER_NUMBER_OBJECT_CONVERSION = YES_AGGRESSIVE;
				CLANG_CXX_LANGUAGE_STANDARD = "gnu++20";
				CLANG_ENABLE_MODULES = YES;
				CLANG_ENABLE_OBJC_ARC = YES;
				CLANG_ENABLE_OBJC_WEAK = YES;
				CLANG_WARN_BLOCK_CAPTURE_AUTORELEASING = YES;
				CLANG_WARN_BOOL_CONVERSION = YES;
				CLANG_WARN_COMMA = YES;
				CLANG_WARN_CONSTANT_CONVERSION = YES;
				CLANG_WARN_DEPRECATED_OBJC_IMPLEMENTATIONS = YES;
				CLANG_WARN_DIRECT_OBJC_ISA_USAGE = YES_ERROR;
				CLANG_WARN_DOCUMENTATION_COMMENTS = YES;
				CLANG_WARN_EMPTY_BODY = YES;
				CLANG_WARN_ENUM_CONVERSION = YES;
				CLANG_WARN_INFINITE_RECURSION = YES;
				CLANG_WARN_INT_CONVERSION = YES;
				CLANG_WARN_NON_LITERAL_NULL_CONVERSION = YES;
				CLANG_WARN_OBJC_IMPLICIT_RETAIN_SELF = YES;
				CLANG_WARN_OBJC_LITERAL_CONVERSION = YES;
				CLANG_WARN_OBJC_ROOT_CLASS = YES_ERROR;
				CLANG_WARN_QUOTED_INCLUDE_IN_FRAMEWORK_HEADER = YES;
				CLANG_WARN_RANGE_LOOP_ANALYSIS = YES;
				CLANG_WARN_STRICT_PROTOTYPES = YES;
				CLANG_WARN_SUSPICIOUS_MOVE = YES;
				CLANG_WARN_UNGUARDED_AVAILABILITY = YES_AGGRESSIVE;
				CLANG_WARN_UNREACHABLE_CODE = YES;
				CLANG_WARN__DUPLICATE_METHOD_MATCH = YES;
				COPY_PHASE_STRIP = NO;
				DEAD_CODE_STRIPPING = YES;
				DEBUG_INFORMATION_FORMAT = dwarf;
				ENABLE_STRICT_OBJC_MSGSEND = YES;
				ENABLE_TESTABILITY = YES;
				EXECUTABLE_PREFIX = lib;
				GCC_C_LANGUAGE_STANDARD = gnu11;
				GCC_DYNAMIC_NO_PIC = NO;
				GCC_NO_COMMON_BLOCKS = YES;
				GCC_OPTIMIZATION_LEVEL = 0;
				GCC_PREPROCESSOR_DEFINITIONS = (
					"DEBUG=1",
					"$(inherited)",
				);
				GCC_WARN_64_TO_32_BIT_CONVERSION = YES;
				GCC_WARN_ABOUT_RETURN_TYPE = YES_ERROR;
				GCC_WARN_UNDECLARED_SELECTOR = YES;
				GCC_WARN_UNINITIALIZED_AUTOS = YES_AGGRESSIVE;
				GCC_WARN_UNUSED_FUNCTION = YES;
				GCC_WARN_UNUSED_VARIABLE = YES;
				HEADER_SEARCH_PATHS = "";
				INSTALL_PATH = "@executable_path";
				LD_RUNPATH_SEARCH_PATHS = "@executable_path";
				LIBRARY_SEARCH_PATHS = (
					"$(inherited)",
					"$(WorkspaceDir)/../operating_system/storage-$(PLATFORM_MODIFIER)/library",
				);
				MACOSX_DEPLOYMENT_TARGET = 10.13;
				MTL_ENABLE_DEBUG_INFO = INCLUDE_SOURCE;
				MTL_FAST_MATH = YES;
				ONLY_ACTIVE_ARCH = YES;
				OTHER_LDFLAGS = "-all_load";
				PRODUCT_NAME = "$(TARGET_NAME)";
				SDKROOT = macosx;
				SKIP_INSTALL = YES;
				STRIP_INSTALLED_PRODUCT = NO;
				USER_HEADER_SEARCH_PATHS = (
					.,
					"$(WorkspaceDir)/source",
					"$(WorkspaceDir)/source/include",
					"$(WorkspaceDir)/source/app",
					"$(WorkspaceDir)/source/app/include",
					"$(WorkspaceDir)/operating_system",
					"$(WorkspaceDir)/operating_system/operating_system-$(PLATFORM_MODIFIER)",
					"$(WorkspaceDir)/operating_system/operating_system-$(PLATFORM_MODIFIER)/include",
					"$(WorkspaceDir)/operating_system/operating_system-darwin",
					"$(WorkspaceDir)/operating_system/operating_system-posix",
					"$(WorkspaceDir)/port/_",
					"$(WorkspaceDir)/port/include",
					"$(PROJECT_DIR)",
					"$(PROJECT_DIR)/..",
					"$(PROJECT_DIR)/../..",
					"$(HOME)/sensitive/sensitive/include",
				);
				USE_HEADERMAP = NO;
				WorkspaceDir = "$(SRCROOT)/../../..";
			};
			name = Debug;
		};
		9AB15B3329A8715900DFDF90 /* Release */ = {
			isa = XCBuildConfiguration;
			buildSettings = {
				ALWAYS_SEARCH_USER_PATHS = NO;
				CLANG_ANALYZER_NONNULL = YES;
				CLANG_ANALYZER_NUMBER_OBJECT_CONVERSION = YES_AGGRESSIVE;
				CLANG_CXX_LANGUAGE_STANDARD = "gnu++20";
				CLANG_ENABLE_MODULES = YES;
				CLANG_ENABLE_OBJC_ARC = YES;
				CLANG_ENABLE_OBJC_WEAK = YES;
				CLANG_WARN_BLOCK_CAPTURE_AUTORELEASING = YES;
				CLANG_WARN_BOOL_CONVERSION = YES;
				CLANG_WARN_COMMA = YES;
				CLANG_WARN_CONSTANT_CONVERSION = YES;
				CLANG_WARN_DEPRECATED_OBJC_IMPLEMENTATIONS = YES;
				CLANG_WARN_DIRECT_OBJC_ISA_USAGE = YES_ERROR;
				CLANG_WARN_DOCUMENTATION_COMMENTS = YES;
				CLANG_WARN_EMPTY_BODY = YES;
				CLANG_WARN_ENUM_CONVERSION = YES;
				CLANG_WARN_INFINITE_RECURSION = YES;
				CLANG_WARN_INT_CONVERSION = YES;
				CLANG_WARN_NON_LITERAL_NULL_CONVERSION = YES;
				CLANG_WARN_OBJC_IMPLICIT_RETAIN_SELF = YES;
				CLANG_WARN_OBJC_LITERAL_CONVERSION = YES;
				CLANG_WARN_OBJC_ROOT_CLASS = YES_ERROR;
				CLANG_WARN_QUOTED_INCLUDE_IN_FRAMEWORK_HEADER = YES;
				CLANG_WARN_RANGE_LOOP_ANALYSIS = YES;
				CLANG_WARN_STRICT_PROTOTYPES = YES;
				CLANG_WARN_SUSPICIOUS_MOVE = YES;
				CLANG_WARN_UNGUARDED_AVAILABILITY = YES_AGGRESSIVE;
				CLANG_WARN_UNREACHABLE_CODE = YES;
				CLANG_WARN__DUPLICATE_METHOD_MATCH = YES;
				COPY_PHASE_STRIP = NO;
				DEAD_CODE_STRIPPING = YES;
				DEBUG_INFORMATION_FORMAT = "dwarf-with-dsym";
				ENABLE_NS_ASSERTIONS = NO;
				ENABLE_STRICT_OBJC_MSGSEND = YES;
				EXECUTABLE_PREFIX = lib;
				GCC_C_LANGUAGE_STANDARD = gnu11;
				GCC_NO_COMMON_BLOCKS = YES;
				GCC_WARN_64_TO_32_BIT_CONVERSION = YES;
				GCC_WARN_ABOUT_RETURN_TYPE = YES_ERROR;
				GCC_WARN_UNDECLARED_SELECTOR = YES;
				GCC_WARN_UNINITIALIZED_AUTOS = YES_AGGRESSIVE;
				GCC_WARN_UNUSED_FUNCTION = YES;
				GCC_WARN_UNUSED_VARIABLE = YES;
				HEADER_SEARCH_PATHS = "";
				INSTALL_PATH = "@executable_path";
				LD_RUNPATH_SEARCH_PATHS = "@executable_path";
				LIBRARY_SEARCH_PATHS = (
					"$(inherited)",
					"$(WorkspaceDir)/../operating_system/storage-$(PLATFORM_MODIFIER)/library",
				);
				MACOSX_DEPLOYMENT_TARGET = 10.13;
				MTL_ENABLE_DEBUG_INFO = NO;
				MTL_FAST_MATH = YES;
				OTHER_LDFLAGS = "-all_load";
				PRODUCT_NAME = "$(TARGET_NAME)";
				SDKROOT = macosx;
				SKIP_INSTALL = YES;
				STRIP_INSTALLED_PRODUCT = NO;
				USER_HEADER_SEARCH_PATHS = (
					.,
					"$(WorkspaceDir)/source",
					"$(WorkspaceDir)/source/include",
					"$(WorkspaceDir)/source/app",
					"$(WorkspaceDir)/source/app/include",
					"$(WorkspaceDir)/operating_system",
					"$(WorkspaceDir)/operating_system/operating_system-$(PLATFORM_MODIFIER)",
					"$(WorkspaceDir)/operating_system/operating_system-$(PLATFORM_MODIFIER)/include",
					"$(WorkspaceDir)/operating_system/operating_system-darwin",
					"$(WorkspaceDir)/operating_system/operating_system-posix",
					"$(WorkspaceDir)/port/_",
					"$(WorkspaceDir)/port/include",
					"$(PROJECT_DIR)",
					"$(PROJECT_DIR)/..",
					"$(PROJECT_DIR)/../..",
					"$(HOME)/sensitive/sensitive/include",
				);
				USE_HEADERMAP = NO;
				WorkspaceDir = "$(SRCROOT)/../../..";
			};
			name = Release;
		};
		9AB15B3529A8715900DFDF90 /* Debug */ = {
			isa = XCBuildConfiguration;
			buildSettings = {
				EXECUTABLE_PREFIX = lib;
				PLATFORM_MODIFIER = macos;
			};
			name = Debug;
		};
		9AB15B3629A8715900DFDF90 /* Release */ = {
			isa = XCBuildConfiguration;
			buildSettings = {
				EXECUTABLE_PREFIX = lib;
				PLATFORM_MODIFIER = macos;
			};
			name = Release;
		};
		9AB15C7F29A87CAC00DFDF90 /* Debug */ = {
			isa = XCBuildConfiguration;
			buildSettings = {
				EXECUTABLE_EXTENSION = a;
				EXECUTABLE_PREFIX = lib;
				MACH_O_TYPE = staticlib;
				PLATFORM_MODIFIER = ios;
				SDKROOT = iphoneos;
			};
			name = Debug;
		};
		9AB15C8029A87CAC00DFDF90 /* Release */ = {
			isa = XCBuildConfiguration;
			buildSettings = {
				EXECUTABLE_EXTENSION = a;
				EXECUTABLE_PREFIX = lib;
				MACH_O_TYPE = staticlib;
				PLATFORM_MODIFIER = ios;
				SDKROOT = iphoneos;
			};
			name = Release;
		};
/* End XCBuildConfiguration section */

/* Begin XCConfigurationList section */
		9AB15B2B29A8715900DFDF90 /* Build configuration list for PBXProject "aura_darwin" */ = {
			isa = XCConfigurationList;
			buildConfigurations = (
				9AB15B3229A8715900DFDF90 /* Debug */,
				9AB15B3329A8715900DFDF90 /* Release */,
			);
			defaultConfigurationIsVisible = 0;
			defaultConfigurationName = Release;
		};
		9AB15B3429A8715900DFDF90 /* Build configuration list for PBXNativeTarget "aura_darwin" */ = {
			isa = XCConfigurationList;
			buildConfigurations = (
				9AB15B3529A8715900DFDF90 /* Debug */,
				9AB15B3629A8715900DFDF90 /* Release */,
			);
			defaultConfigurationIsVisible = 0;
			defaultConfigurationName = Release;
		};
		9AB15C7E29A87CAC00DFDF90 /* Build configuration list for PBXNativeTarget "ios_aura_darwin" */ = {
			isa = XCConfigurationList;
			buildConfigurations = (
				9AB15C7F29A87CAC00DFDF90 /* Debug */,
				9AB15C8029A87CAC00DFDF90 /* Release */,
			);
			defaultConfigurationIsVisible = 0;
			defaultConfigurationName = Release;
		};
/* End XCConfigurationList section */
	};
	rootObject = 9AB15B2829A8715900DFDF90 /* Project object */;
}
