// !$*UTF8*$!
{
	archiveVersion = 1;
	classes = {
	};
	objectVersion = 56;
	objects = {

/* Begin PBXBuildFile section */
		9A5FB487299ED2CE00094E43 /* app_launcher.cpp in Sources */ = {isa = PBXBuildFile; fileRef = 9A5FB483299ED2C000094E43 /* app_launcher.cpp */; };
		9A865EBE29928B910042465F /* node.cpp in Sources */ = {isa = PBXBuildFile; fileRef = 9A865E4729928A770042465F /* node.cpp */; };
		9A865EBF29928B980042465F /* _factory.cpp in Sources */ = {isa = PBXBuildFile; fileRef = 9A865E6929928A770042465F /* _factory.cpp */; };
		9A865EC429928E3C0042465F /* libacme.dylib in Frameworks */ = {isa = PBXBuildFile; fileRef = 9A865EC329928E3C0042465F /* libacme.dylib */; };
		9A865EC629928E430042465F /* libapex.dylib in Frameworks */ = {isa = PBXBuildFile; fileRef = 9A865EC529928E430042465F /* libapex.dylib */; };
		9A865ECF29928E720042465F /* libacme_posix.dylib in Frameworks */ = {isa = PBXBuildFile; fileRef = 9A865ECE29928E720042465F /* libacme_posix.dylib */; };
		9A865ED029928E850042465F /* libapex_posix.dylib in Frameworks */ = {isa = PBXBuildFile; fileRef = 9A865E3B29928A5C0042465F /* libapex_posix.dylib */; };
		9A865ED82992950A0042465F /* libacme_darwin.dylib in Frameworks */ = {isa = PBXBuildFile; fileRef = 9A865EB929928B780042465F /* libacme_darwin.dylib */; };
		9A865EE72992979E0042465F /* os_context.cpp in Sources */ = {isa = PBXBuildFile; fileRef = 9A865E6529928A770042465F /* os_context.cpp */; };
		9AB15E9729A8848C00DFDF90 /* _factory.cpp in Sources */ = {isa = PBXBuildFile; fileRef = 9A865E6929928A770042465F /* _factory.cpp */; };
		9AB15E9829A8848C00DFDF90 /* os_context.cpp in Sources */ = {isa = PBXBuildFile; fileRef = 9A865E6529928A770042465F /* os_context.cpp */; };
		9AB15E9929A8848C00DFDF90 /* node.cpp in Sources */ = {isa = PBXBuildFile; fileRef = 9A865E4729928A770042465F /* node.cpp */; };
		9AB15E9A29A8848C00DFDF90 /* app_launcher.cpp in Sources */ = {isa = PBXBuildFile; fileRef = 9A5FB483299ED2C000094E43 /* app_launcher.cpp */; };
		9AB15E9C29A8848C00DFDF90 /* libacme_darwin.dylib in Frameworks */ = {isa = PBXBuildFile; fileRef = 9A865EB929928B780042465F /* libacme_darwin.dylib */; };
		9AB15E9D29A8848C00DFDF90 /* libapex_posix.dylib in Frameworks */ = {isa = PBXBuildFile; fileRef = 9A865E3B29928A5C0042465F /* libapex_posix.dylib */; };
		9AB15E9E29A8848C00DFDF90 /* libacme_posix.dylib in Frameworks */ = {isa = PBXBuildFile; fileRef = 9A865ECE29928E720042465F /* libacme_posix.dylib */; };
		9AB15E9F29A8848C00DFDF90 /* libapex.dylib in Frameworks */ = {isa = PBXBuildFile; fileRef = 9A865EC529928E430042465F /* libapex.dylib */; };
		9AB15EA029A8848C00DFDF90 /* libacme.dylib in Frameworks */ = {isa = PBXBuildFile; fileRef = 9A865EC329928E3C0042465F /* libacme.dylib */; };
/* End PBXBuildFile section */

/* Begin PBXContainerItemProxy section */
		9A865E3A29928A5C0042465F /* PBXContainerItemProxy */ = {
			isa = PBXContainerItemProxy;
			containerPortal = 9A865E3529928A5C0042465F /* apex_posix.xcodeproj */;
			proxyType = 2;
			remoteGlobalIDString = 9A0C1680264A29B800B5CC33;
			remoteInfo = apex_posix;
		};
		9A865E3C29928A5C0042465F /* PBXContainerItemProxy */ = {
			isa = PBXContainerItemProxy;
			containerPortal = 9A865E3529928A5C0042465F /* apex_posix.xcodeproj */;
			proxyType = 2;
			remoteGlobalIDString = 9A8E9E0E282A2FCA005FF778;
			remoteInfo = ios_apex_posix;
		};
		9A865E3E29928A6A0042465F /* PBXContainerItemProxy */ = {
			isa = PBXContainerItemProxy;
			containerPortal = 9A865E3529928A5C0042465F /* apex_posix.xcodeproj */;
			proxyType = 1;
			remoteGlobalIDString = 9A0C167F264A29B800B5CC33;
			remoteInfo = apex_posix;
		};
		9A865EB829928B780042465F /* PBXContainerItemProxy */ = {
			isa = PBXContainerItemProxy;
			containerPortal = 9A865EB329928B780042465F /* acme_darwin.xcodeproj */;
			proxyType = 2;
			remoteGlobalIDString = 9AFD807F297B578700BAD9DD;
			remoteInfo = acme_darwin;
		};
		9A865EBA29928B780042465F /* PBXContainerItemProxy */ = {
			isa = PBXContainerItemProxy;
			containerPortal = 9A865EB329928B780042465F /* acme_darwin.xcodeproj */;
			proxyType = 2;
			remoteGlobalIDString = 9AFD80BA297B584000BAD9DD;
			remoteInfo = _acme_darwin;
		};
		9A865EBC29928B820042465F /* PBXContainerItemProxy */ = {
			isa = PBXContainerItemProxy;
			containerPortal = 9A865EB329928B780042465F /* acme_darwin.xcodeproj */;
			proxyType = 1;
			remoteGlobalIDString = 9AFD807E297B578700BAD9DD;
			remoteInfo = acme_darwin;
		};
		9AB15E9229A8848C00DFDF90 /* PBXContainerItemProxy */ = {
			isa = PBXContainerItemProxy;
			containerPortal = 9A865EB329928B780042465F /* acme_darwin.xcodeproj */;
			proxyType = 1;
			remoteGlobalIDString = 9AFD807E297B578700BAD9DD;
			remoteInfo = acme_darwin;
		};
		9AB15E9429A8848C00DFDF90 /* PBXContainerItemProxy */ = {
			isa = PBXContainerItemProxy;
			containerPortal = 9A865E3529928A5C0042465F /* apex_posix.xcodeproj */;
			proxyType = 1;
			remoteGlobalIDString = 9A0C167F264A29B800B5CC33;
			remoteInfo = apex_posix;
		};
		9AB15EA629A8848C00DFDF90 /* PBXContainerItemProxy */ = {
			isa = PBXContainerItemProxy;
			containerPortal = 9A865EB329928B780042465F /* acme_darwin.xcodeproj */;
			proxyType = 2;
			remoteGlobalIDString = 9AB15D3929A8811400DFDF90;
			remoteInfo = ios_acme_darwin;
		};
/* End PBXContainerItemProxy section */

/* Begin PBXFileReference section */
		9A5FB483299ED2C000094E43 /* app_launcher.cpp */ = {isa = PBXFileReference; lastKnownFileType = sourcecode.cpp.cpp; path = app_launcher.cpp; sourceTree = "<group>"; };
		9A5FB486299ED2C200094E43 /* app_launcher.h */ = {isa = PBXFileReference; lastKnownFileType = sourcecode.c.h; path = app_launcher.h; sourceTree = "<group>"; };
		9A865E3529928A5C0042465F /* apex_posix.xcodeproj */ = {isa = PBXFileReference; lastKnownFileType = "wrapper.pb-project"; name = apex_posix.xcodeproj; path = "../../operating_system-posix/apex_posix/apex_posix.xcodeproj"; sourceTree = "<group>"; };
		9A865E4529928A770042465F /* framework.cpp */ = {isa = PBXFileReference; lastKnownFileType = sourcecode.cpp.cpp; path = framework.cpp; sourceTree = "<group>"; };
		9A865E4729928A770042465F /* node.cpp */ = {isa = PBXFileReference; lastKnownFileType = sourcecode.cpp.cpp; path = node.cpp; sourceTree = "<group>"; };
		9A865E5329928A770042465F /* node.h */ = {isa = PBXFileReference; lastKnownFileType = sourcecode.c.h; path = node.h; sourceTree = "<group>"; };
		9A865E5B29928A770042465F /* file_context.cpp */ = {isa = PBXFileReference; lastKnownFileType = sourcecode.cpp.cpp; path = file_context.cpp; sourceTree = "<group>"; };
		9A865E5C29928A770042465F /* file_context.h */ = {isa = PBXFileReference; lastKnownFileType = sourcecode.c.h; path = file_context.h; sourceTree = "<group>"; };
		9A865E5D29928A770042465F /* _.cpp */ = {isa = PBXFileReference; lastKnownFileType = sourcecode.cpp.cpp; path = _.cpp; sourceTree = "<group>"; };
		9A865E6029928A770042465F /* os_context.h */ = {isa = PBXFileReference; lastKnownFileType = sourcecode.c.h; path = os_context.h; sourceTree = "<group>"; };
		9A865E6129928A770042465F /* resource.h */ = {isa = PBXFileReference; lastKnownFileType = sourcecode.c.h; path = resource.h; sourceTree = "<group>"; };
		9A865E6329928A770042465F /* framework.h */ = {isa = PBXFileReference; lastKnownFileType = sourcecode.c.h; path = framework.h; sourceTree = "<group>"; };
		9A865E6529928A770042465F /* os_context.cpp */ = {isa = PBXFileReference; lastKnownFileType = sourcecode.cpp.cpp; path = os_context.cpp; sourceTree = "<group>"; };
		9A865E6929928A770042465F /* _factory.cpp */ = {isa = PBXFileReference; lastKnownFileType = sourcecode.cpp.cpp; path = _factory.cpp; sourceTree = "<group>"; };
		9A865E6A29928A770042465F /* _.h */ = {isa = PBXFileReference; lastKnownFileType = sourcecode.c.h; path = _.h; sourceTree = "<group>"; };
		9A865EB329928B780042465F /* acme_darwin.xcodeproj */ = {isa = PBXFileReference; lastKnownFileType = "wrapper.pb-project"; name = acme_darwin.xcodeproj; path = ../acme_darwin/acme_darwin.xcodeproj; sourceTree = "<group>"; };
		9A865EC329928E3C0042465F /* libacme.dylib */ = {isa = PBXFileReference; explicitFileType = "compiled.mach-o.dylib"; path = libacme.dylib; sourceTree = BUILT_PRODUCTS_DIR; };
		9A865EC529928E430042465F /* libapex.dylib */ = {isa = PBXFileReference; explicitFileType = "compiled.mach-o.dylib"; path = libapex.dylib; sourceTree = BUILT_PRODUCTS_DIR; };
		9A865ECE29928E720042465F /* libacme_posix.dylib */ = {isa = PBXFileReference; explicitFileType = "compiled.mach-o.dylib"; path = libacme_posix.dylib; sourceTree = BUILT_PRODUCTS_DIR; };
		9AB15EA429A8848C00DFDF90 /* libios_apex_darwin.a */ = {isa = PBXFileReference; explicitFileType = "compiled.mach-o.dylib"; includeInIndex = 0; path = libios_apex_darwin.a; sourceTree = BUILT_PRODUCTS_DIR; };
		9AFD808F297B57C400BAD9DD /* libapex_darwin.dylib */ = {isa = PBXFileReference; explicitFileType = "compiled.mach-o.dylib"; includeInIndex = 0; path = libapex_darwin.dylib; sourceTree = BUILT_PRODUCTS_DIR; };
/* End PBXFileReference section */

/* Begin PBXFrameworksBuildPhase section */
		9AB15E9B29A8848C00DFDF90 /* Frameworks */ = {
			isa = PBXFrameworksBuildPhase;
			buildActionMask = 2147483647;
			files = (
				9AB15E9C29A8848C00DFDF90 /* libacme_darwin.dylib in Frameworks */,
				9AB15E9D29A8848C00DFDF90 /* libapex_posix.dylib in Frameworks */,
				9AB15E9E29A8848C00DFDF90 /* libacme_posix.dylib in Frameworks */,
				9AB15E9F29A8848C00DFDF90 /* libapex.dylib in Frameworks */,
				9AB15EA029A8848C00DFDF90 /* libacme.dylib in Frameworks */,
			);
			runOnlyForDeploymentPostprocessing = 0;
		};
		9AFD808D297B57C400BAD9DD /* Frameworks */ = {
			isa = PBXFrameworksBuildPhase;
			buildActionMask = 2147483647;
			files = (
				9A865ED82992950A0042465F /* libacme_darwin.dylib in Frameworks */,
				9A865ED029928E850042465F /* libapex_posix.dylib in Frameworks */,
				9A865ECF29928E720042465F /* libacme_posix.dylib in Frameworks */,
				9A865EC629928E430042465F /* libapex.dylib in Frameworks */,
				9A865EC429928E3C0042465F /* libacme.dylib in Frameworks */,
			);
			runOnlyForDeploymentPostprocessing = 0;
		};
/* End PBXFrameworksBuildPhase section */

/* Begin PBXGroup section */
		9A865E3629928A5C0042465F /* Products */ = {
			isa = PBXGroup;
			children = (
				9A865E3B29928A5C0042465F /* libapex_posix.dylib */,
				9A865E3D29928A5C0042465F /* libios_apex_posix.a */,
			);
			name = Products;
			sourceTree = "<group>";
		};
		9A865E4029928A770042465F /* apex_darwin */ = {
			isa = PBXGroup;
			children = (
				9A865E5D29928A770042465F /* _.cpp */,
				9A865E6A29928A770042465F /* _.h */,
				9A865E6929928A770042465F /* _factory.cpp */,
				9A5FB483299ED2C000094E43 /* app_launcher.cpp */,
				9A5FB486299ED2C200094E43 /* app_launcher.h */,
				9A865E5B29928A770042465F /* file_context.cpp */,
				9A865E5C29928A770042465F /* file_context.h */,
				9A865E4529928A770042465F /* framework.cpp */,
				9A865E6329928A770042465F /* framework.h */,
				9A865E4729928A770042465F /* node.cpp */,
				9A865E5329928A770042465F /* node.h */,
				9A865E6529928A770042465F /* os_context.cpp */,
				9A865E6029928A770042465F /* os_context.h */,
				9A865E6129928A770042465F /* resource.h */,
			);
			name = apex_darwin;
			sourceTree = "<group>";
		};
		9A865EB429928B780042465F /* Products */ = {
			isa = PBXGroup;
			children = (
				9A865EB929928B780042465F /* libacme_darwin.dylib */,
				9AB15EA729A8848C00DFDF90 /* libios_acme_darwin.a */,
				9A865EBB29928B780042465F /* lib_acme_darwin.a */,
			);
			name = Products;
			sourceTree = "<group>";
		};
		9A865EC229928E3C0042465F /* Frameworks */ = {
			isa = PBXGroup;
			children = (
				9A865ECE29928E720042465F /* libacme_posix.dylib */,
				9A865EC529928E430042465F /* libapex.dylib */,
				9A865EC329928E3C0042465F /* libacme.dylib */,
			);
			name = Frameworks;
			sourceTree = "<group>";
		};
		9AFD8086297B57C400BAD9DD = {
			isa = PBXGroup;
			children = (
				9A865EB329928B780042465F /* acme_darwin.xcodeproj */,
				9A865E3529928A5C0042465F /* apex_posix.xcodeproj */,
				9A865E4029928A770042465F /* apex_darwin */,
				9AFD8090297B57C400BAD9DD /* Products */,
				9A865EC229928E3C0042465F /* Frameworks */,
			);
			sourceTree = "<group>";
		};
		9AFD8090297B57C400BAD9DD /* Products */ = {
			isa = PBXGroup;
			children = (
				9AFD808F297B57C400BAD9DD /* libapex_darwin.dylib */,
				9AB15EA429A8848C00DFDF90 /* libios_apex_darwin.a */,
			);
			name = Products;
			sourceTree = "<group>";
		};
/* End PBXGroup section */

/* Begin PBXHeadersBuildPhase section */
		9AB15E9529A8848C00DFDF90 /* Headers */ = {
			isa = PBXHeadersBuildPhase;
			buildActionMask = 2147483647;
			files = (
			);
			runOnlyForDeploymentPostprocessing = 0;
		};
		9AFD808B297B57C400BAD9DD /* Headers */ = {
			isa = PBXHeadersBuildPhase;
			buildActionMask = 2147483647;
			files = (
			);
			runOnlyForDeploymentPostprocessing = 0;
		};
/* End PBXHeadersBuildPhase section */

/* Begin PBXNativeTarget section */
		9AB15E9029A8848C00DFDF90 /* ios_apex_darwin */ = {
			isa = PBXNativeTarget;
			buildConfigurationList = 9AB15EA129A8848C00DFDF90 /* Build configuration list for PBXNativeTarget "ios_apex_darwin" */;
			buildPhases = (
				9AB15E9529A8848C00DFDF90 /* Headers */,
				9AB15E9629A8848C00DFDF90 /* Sources */,
				9AB15E9B29A8848C00DFDF90 /* Frameworks */,
			);
			buildRules = (
			);
			dependencies = (
				9AB15E9129A8848C00DFDF90 /* PBXTargetDependency */,
				9AB15E9329A8848C00DFDF90 /* PBXTargetDependency */,
			);
			name = ios_apex_darwin;
			productName = apex_darwin;
			productReference = 9AB15EA429A8848C00DFDF90 /* libios_apex_darwin.a */;
			productType = "com.apple.product-type.library.dynamic";
		};
		9AFD808E297B57C400BAD9DD /* apex_darwin */ = {
			isa = PBXNativeTarget;
			buildConfigurationList = 9AFD8093297B57C400BAD9DD /* Build configuration list for PBXNativeTarget "apex_darwin" */;
			buildPhases = (
				9AFD808B297B57C400BAD9DD /* Headers */,
				9AFD808C297B57C400BAD9DD /* Sources */,
				9AFD808D297B57C400BAD9DD /* Frameworks */,
			);
			buildRules = (
			);
			dependencies = (
				9A865EBD29928B820042465F /* PBXTargetDependency */,
				9A865E3F29928A6A0042465F /* PBXTargetDependency */,
			);
			name = apex_darwin;
			productName = apex_darwin;
			productReference = 9AFD808F297B57C400BAD9DD /* libapex_darwin.dylib */;
			productType = "com.apple.product-type.library.dynamic";
		};
/* End PBXNativeTarget section */

/* Begin PBXProject section */
		9AFD8087297B57C400BAD9DD /* Project object */ = {
			isa = PBXProject;
			attributes = {
				BuildIndependentTargetsInParallel = 1;
				LastUpgradeCheck = 1420;
				TargetAttributes = {
					9AFD808E297B57C400BAD9DD = {
						CreatedOnToolsVersion = 14.2;
					};
				};
			};
			buildConfigurationList = 9AFD808A297B57C400BAD9DD /* Build configuration list for PBXProject "apex_darwin" */;
			compatibilityVersion = "Xcode 14.0";
			developmentRegion = en;
			hasScannedForEncodings = 0;
			knownRegions = (
				en,
				Base,
			);
			mainGroup = 9AFD8086297B57C400BAD9DD;
			productRefGroup = 9AFD8090297B57C400BAD9DD /* Products */;
			projectDirPath = "";
			projectReferences = (
				{
					ProductGroup = 9A865EB429928B780042465F /* Products */;
					ProjectRef = 9A865EB329928B780042465F /* acme_darwin.xcodeproj */;
				},
				{
					ProductGroup = 9A865E3629928A5C0042465F /* Products */;
					ProjectRef = 9A865E3529928A5C0042465F /* apex_posix.xcodeproj */;
				},
			);
			projectRoot = "";
			targets = (
				9AFD808E297B57C400BAD9DD /* apex_darwin */,
				9AB15E9029A8848C00DFDF90 /* ios_apex_darwin */,
			);
		};
/* End PBXProject section */

/* Begin PBXReferenceProxy section */
		9A865E3B29928A5C0042465F /* libapex_posix.dylib */ = {
			isa = PBXReferenceProxy;
			fileType = "compiled.mach-o.dylib";
			path = libapex_posix.dylib;
			remoteRef = 9A865E3A29928A5C0042465F /* PBXContainerItemProxy */;
			sourceTree = BUILT_PRODUCTS_DIR;
		};
		9A865E3D29928A5C0042465F /* libios_apex_posix.a */ = {
			isa = PBXReferenceProxy;
			fileType = "compiled.mach-o.dylib";
			path = libios_apex_posix.a;
			remoteRef = 9A865E3C29928A5C0042465F /* PBXContainerItemProxy */;
			sourceTree = BUILT_PRODUCTS_DIR;
		};
		9A865EB929928B780042465F /* libacme_darwin.dylib */ = {
			isa = PBXReferenceProxy;
			fileType = "compiled.mach-o.dylib";
			path = libacme_darwin.dylib;
			remoteRef = 9A865EB829928B780042465F /* PBXContainerItemProxy */;
			sourceTree = BUILT_PRODUCTS_DIR;
		};
		9A865EBB29928B780042465F /* lib_acme_darwin.a */ = {
			isa = PBXReferenceProxy;
			fileType = "compiled.mach-o.dylib";
			path = lib_acme_darwin.a;
			remoteRef = 9A865EBA29928B780042465F /* PBXContainerItemProxy */;
			sourceTree = BUILT_PRODUCTS_DIR;
		};
		9AB15EA729A8848C00DFDF90 /* libios_acme_darwin.a */ = {
			isa = PBXReferenceProxy;
			fileType = "compiled.mach-o.dylib";
			path = libios_acme_darwin.a;
			remoteRef = 9AB15EA629A8848C00DFDF90 /* PBXContainerItemProxy */;
			sourceTree = BUILT_PRODUCTS_DIR;
		};
/* End PBXReferenceProxy section */

/* Begin PBXSourcesBuildPhase section */
		9AB15E9629A8848C00DFDF90 /* Sources */ = {
			isa = PBXSourcesBuildPhase;
			buildActionMask = 2147483647;
			files = (
				9AB15E9729A8848C00DFDF90 /* _factory.cpp in Sources */,
				9AB15E9829A8848C00DFDF90 /* os_context.cpp in Sources */,
				9AB15E9929A8848C00DFDF90 /* node.cpp in Sources */,
				9AB15E9A29A8848C00DFDF90 /* app_launcher.cpp in Sources */,
			);
			runOnlyForDeploymentPostprocessing = 0;
		};
		9AFD808C297B57C400BAD9DD /* Sources */ = {
			isa = PBXSourcesBuildPhase;
			buildActionMask = 2147483647;
			files = (
				9A865EBF29928B980042465F /* _factory.cpp in Sources */,
				9A865EE72992979E0042465F /* os_context.cpp in Sources */,
				9A865EBE29928B910042465F /* node.cpp in Sources */,
				9A5FB487299ED2CE00094E43 /* app_launcher.cpp in Sources */,
			);
			runOnlyForDeploymentPostprocessing = 0;
		};
/* End PBXSourcesBuildPhase section */

/* Begin PBXTargetDependency section */
		9A865E3F29928A6A0042465F /* PBXTargetDependency */ = {
			isa = PBXTargetDependency;
			name = apex_posix;
			targetProxy = 9A865E3E29928A6A0042465F /* PBXContainerItemProxy */;
		};
		9A865EBD29928B820042465F /* PBXTargetDependency */ = {
			isa = PBXTargetDependency;
			name = acme_darwin;
			targetProxy = 9A865EBC29928B820042465F /* PBXContainerItemProxy */;
		};
		9AB15E9129A8848C00DFDF90 /* PBXTargetDependency */ = {
			isa = PBXTargetDependency;
			name = acme_darwin;
			targetProxy = 9AB15E9229A8848C00DFDF90 /* PBXContainerItemProxy */;
		};
		9AB15E9329A8848C00DFDF90 /* PBXTargetDependency */ = {
			isa = PBXTargetDependency;
			name = apex_posix;
			targetProxy = 9AB15E9429A8848C00DFDF90 /* PBXContainerItemProxy */;
		};
/* End PBXTargetDependency section */

/* Begin XCBuildConfiguration section */
		9AB15EA229A8848C00DFDF90 /* Debug */ = {
			isa = XCBuildConfiguration;
			buildSettings = {
				EXECUTABLE_EXTENSION = a;
				EXECUTABLE_PREFIX = lib;
				MACH_O_TYPE = staticlib;
				PLATFORM_MODIFIER = ios;
				SDKROOT = iphoneos;
			};
			name = Debug;
		};
		9AB15EA329A8848C00DFDF90 /* Release */ = {
			isa = XCBuildConfiguration;
			buildSettings = {
				EXECUTABLE_EXTENSION = a;
				EXECUTABLE_PREFIX = lib;
				MACH_O_TYPE = staticlib;
				PLATFORM_MODIFIER = ios;
				SDKROOT = iphoneos;
			};
			name = Release;
		};
		9AFD8091297B57C400BAD9DD /* Debug */ = {
			isa = XCBuildConfiguration;
			buildSettings = {
				ALWAYS_SEARCH_USER_PATHS = NO;
				CLANG_ANALYZER_NONNULL = YES;
				CLANG_ANALYZER_NUMBER_OBJECT_CONVERSION = YES_AGGRESSIVE;
				CLANG_CXX_LANGUAGE_STANDARD = "gnu++20";
				CLANG_ENABLE_MODULES = YES;
				CLANG_ENABLE_OBJC_ARC = YES;
				CLANG_ENABLE_OBJC_WEAK = YES;
				CLANG_WARN_BLOCK_CAPTURE_AUTORELEASING = YES;
				CLANG_WARN_BOOL_CONVERSION = YES;
				CLANG_WARN_COMMA = YES;
				CLANG_WARN_CONSTANT_CONVERSION = YES;
				CLANG_WARN_DEPRECATED_OBJC_IMPLEMENTATIONS = YES;
				CLANG_WARN_DIRECT_OBJC_ISA_USAGE = YES_ERROR;
				CLANG_WARN_DOCUMENTATION_COMMENTS = YES;
				CLANG_WARN_EMPTY_BODY = YES;
				CLANG_WARN_ENUM_CONVERSION = YES;
				CLANG_WARN_INFINITE_RECURSION = YES;
				CLANG_WARN_INT_CONVERSION = YES;
				CLANG_WARN_NON_LITERAL_NULL_CONVERSION = YES;
				CLANG_WARN_OBJC_IMPLICIT_RETAIN_SELF = YES;
				CLANG_WARN_OBJC_LITERAL_CONVERSION = YES;
				CLANG_WARN_OBJC_ROOT_CLASS = YES_ERROR;
				CLANG_WARN_QUOTED_INCLUDE_IN_FRAMEWORK_HEADER = YES;
				CLANG_WARN_RANGE_LOOP_ANALYSIS = YES;
				CLANG_WARN_STRICT_PROTOTYPES = YES;
				CLANG_WARN_SUSPICIOUS_MOVE = YES;
				CLANG_WARN_UNGUARDED_AVAILABILITY = YES_AGGRESSIVE;
				CLANG_WARN_UNREACHABLE_CODE = YES;
				CLANG_WARN__DUPLICATE_METHOD_MATCH = YES;
				CODE_SIGN_IDENTITY = "Apple Development";
				COPY_PHASE_STRIP = NO;
				DEAD_CODE_STRIPPING = YES;
				DEBUG_INFORMATION_FORMAT = dwarf;
				DEVELOPMENT_TEAM = L8N5V6TZE5;
				ENABLE_STRICT_OBJC_MSGSEND = YES;
				ENABLE_TESTABILITY = YES;
				GCC_C_LANGUAGE_STANDARD = gnu11;
				GCC_DYNAMIC_NO_PIC = NO;
				GCC_NO_COMMON_BLOCKS = YES;
				GCC_OPTIMIZATION_LEVEL = 0;
				GCC_PREPROCESSOR_DEFINITIONS = (
					"DEBUG=1",
					"$(inherited)",
				);
				GCC_WARN_64_TO_32_BIT_CONVERSION = YES;
				GCC_WARN_ABOUT_RETURN_TYPE = YES_ERROR;
				GCC_WARN_UNDECLARED_SELECTOR = YES;
				GCC_WARN_UNINITIALIZED_AUTOS = YES_AGGRESSIVE;
				GCC_WARN_UNUSED_FUNCTION = YES;
				GCC_WARN_UNUSED_VARIABLE = YES;
				HEADER_SEARCH_PATHS = "";
				INSTALL_PATH = "@executable_path";
				LD_RUNPATH_SEARCH_PATHS = "@executable_path";
				LIBRARY_SEARCH_PATHS = (
					"$(inherited)",
					"$(WorkspaceDir)/operating_system",
					"$(WorkspaceDir)/../operating_system/storage-$(PLATFORM_MODIFIER)/library",
				);
				MACOSX_DEPLOYMENT_TARGET = "10.13";
				MTL_ENABLE_DEBUG_INFO = INCLUDE_SOURCE;
				MTL_FAST_MATH = YES;
				ONLY_ACTIVE_ARCH = YES;
				OTHER_LDFLAGS = "-all_load";
				PRODUCT_NAME = "$(TARGET_NAME)";
				SDKROOT = macosx;
				SKIP_INSTALL = YES;
				STRIP_INSTALLED_PRODUCT = NO;
				SYSTEM_HEADER_SEARCH_PATHS = (
					"$(WorkspaceDir)/operating_system",
					"$(WorkspaceDir)/operating_system/operating_system-$(PLATFORM_MODIFIER)",
					"$(WorkspaceDir)/operating_system/operating_system-$(PLATFORM_MODIFIER)/include",
					"$(WorkspaceDir)/port/_",
					"$(WorkspaceDir)/port/include",
					"$(WorkspaceDir)/source/app",
				);
				USER_HEADER_SEARCH_PATHS = (
					.,
					"$(WorkspaceDir)/source",
					"$(WorkspaceDir)/source/include",
					"$(WorkspaceDir)/source/app",
					"$(WorkspaceDir)/source/app/include",
					"$(WorkspaceDir)/operating_system",
					"$(WorkspaceDir)/operating_system/operating_system-$(PLATFORM_MODIFIER)",
					"$(WorkspaceDir)/operating_system/operating_system-$(PLATFORM_MODIFIER)/include",
					"$(WorkspaceDir)/operating_system/operating_system-posix",
					"$(WorkspaceDir)/port/_",
					"$(WorkspaceDir)/port/include",
					"$(PROJECT_DIR)",
					"$(PROJECT_DIR)/..",
					"$(PROJECT_DIR)/../..",
					"$(HOME)/sensitive/sensitive/include",
				);
				USE_HEADERMAP = NO;
				WorkspaceDir = "$(SRCROOT)/../../..";
			};
			name = Debug;
		};
		9AFD8092297B57C400BAD9DD /* Release */ = {
			isa = XCBuildConfiguration;
			buildSettings = {
				ALWAYS_SEARCH_USER_PATHS = NO;
				CLANG_ANALYZER_NONNULL = YES;
				CLANG_ANALYZER_NUMBER_OBJECT_CONVERSION = YES_AGGRESSIVE;
				CLANG_CXX_LANGUAGE_STANDARD = "gnu++20";
				CLANG_ENABLE_MODULES = YES;
				CLANG_ENABLE_OBJC_ARC = YES;
				CLANG_ENABLE_OBJC_WEAK = YES;
				CLANG_WARN_BLOCK_CAPTURE_AUTORELEASING = YES;
				CLANG_WARN_BOOL_CONVERSION = YES;
				CLANG_WARN_COMMA = YES;
				CLANG_WARN_CONSTANT_CONVERSION = YES;
				CLANG_WARN_DEPRECATED_OBJC_IMPLEMENTATIONS = YES;
				CLANG_WARN_DIRECT_OBJC_ISA_USAGE = YES_ERROR;
				CLANG_WARN_DOCUMENTATION_COMMENTS = YES;
				CLANG_WARN_EMPTY_BODY = YES;
				CLANG_WARN_ENUM_CONVERSION = YES;
				CLANG_WARN_INFINITE_RECURSION = YES;
				CLANG_WARN_INT_CONVERSION = YES;
				CLANG_WARN_NON_LITERAL_NULL_CONVERSION = YES;
				CLANG_WARN_OBJC_IMPLICIT_RETAIN_SELF = YES;
				CLANG_WARN_OBJC_LITERAL_CONVERSION = YES;
				CLANG_WARN_OBJC_ROOT_CLASS = YES_ERROR;
				CLANG_WARN_QUOTED_INCLUDE_IN_FRAMEWORK_HEADER = YES;
				CLANG_WARN_RANGE_LOOP_ANALYSIS = YES;
				CLANG_WARN_STRICT_PROTOTYPES = YES;
				CLANG_WARN_SUSPICIOUS_MOVE = YES;
				CLANG_WARN_UNGUARDED_AVAILABILITY = YES_AGGRESSIVE;
				CLANG_WARN_UNREACHABLE_CODE = YES;
				CLANG_WARN__DUPLICATE_METHOD_MATCH = YES;
				CODE_SIGN_IDENTITY = "Apple Development";
				COPY_PHASE_STRIP = NO;
				DEAD_CODE_STRIPPING = YES;
				DEBUG_INFORMATION_FORMAT = "dwarf-with-dsym";
				DEVELOPMENT_TEAM = L8N5V6TZE5;
				ENABLE_HARDENED_RUNTIME = YES;
				ENABLE_NS_ASSERTIONS = NO;
				ENABLE_STRICT_OBJC_MSGSEND = YES;
				GCC_C_LANGUAGE_STANDARD = gnu11;
				GCC_NO_COMMON_BLOCKS = YES;
				GCC_WARN_64_TO_32_BIT_CONVERSION = YES;
				GCC_WARN_ABOUT_RETURN_TYPE = YES_ERROR;
				GCC_WARN_UNDECLARED_SELECTOR = YES;
				GCC_WARN_UNINITIALIZED_AUTOS = YES_AGGRESSIVE;
				GCC_WARN_UNUSED_FUNCTION = YES;
				GCC_WARN_UNUSED_VARIABLE = YES;
				HEADER_SEARCH_PATHS = "";
				INSTALL_PATH = "@executable_path";
				LD_RUNPATH_SEARCH_PATHS = "@executable_path";
				LIBRARY_SEARCH_PATHS = (
					"$(inherited)",
					"$(WorkspaceDir)/operating_system",
					"$(WorkspaceDir)/../operating_system/storage-$(PLATFORM_MODIFIER)/library",
				);
				MACOSX_DEPLOYMENT_TARGET = "10.13";
				MTL_ENABLE_DEBUG_INFO = NO;
				MTL_FAST_MATH = YES;
				OTHER_LDFLAGS = "-all_load";
				PRODUCT_NAME = "$(TARGET_NAME)";
				SDKROOT = macosx;
				SKIP_INSTALL = YES;
				STRIP_INSTALLED_PRODUCT = NO;
				SYSTEM_HEADER_SEARCH_PATHS = (
					"$(WorkspaceDir)/operating_system",
					"$(WorkspaceDir)/operating_system/operating_system-$(PLATFORM_MODIFIER)",
					"$(WorkspaceDir)/operating_system/operating_system-$(PLATFORM_MODIFIER)/include",
					"$(WorkspaceDir)/port/_",
					"$(WorkspaceDir)/port/include",
					"$(WorkspaceDir)/source/app",
				);
				USER_HEADER_SEARCH_PATHS = (
					.,
					"$(WorkspaceDir)/source",
					"$(WorkspaceDir)/source/include",
					"$(WorkspaceDir)/source/app",
					"$(WorkspaceDir)/source/app/include",
					"$(WorkspaceDir)/operating_system",
					"$(WorkspaceDir)/operating_system/operating_system-$(PLATFORM_MODIFIER)",
					"$(WorkspaceDir)/operating_system/operating_system-$(PLATFORM_MODIFIER)/include",
					"$(WorkspaceDir)/operating_system/operating_system-posix",
					"$(WorkspaceDir)/port/_",
					"$(WorkspaceDir)/port/include",
					"$(PROJECT_DIR)",
					"$(PROJECT_DIR)/..",
					"$(PROJECT_DIR)/../..",
					"$(HOME)/sensitive/sensitive/include",
				);
				USE_HEADERMAP = NO;
				WorkspaceDir = "$(SRCROOT)/../../..";
			};
			name = Release;
		};
		9AFD8094297B57C400BAD9DD /* Debug */ = {
			isa = XCBuildConfiguration;
			buildSettings = {
				EXECUTABLE_PREFIX = lib;
				PLATFORM_MODIFIER = macos;
			};
			name = Debug;
		};
		9AFD8095297B57C400BAD9DD /* Release */ = {
			isa = XCBuildConfiguration;
			buildSettings = {
				EXECUTABLE_PREFIX = lib;
				PLATFORM_MODIFIER = macos;
			};
			name = Release;
		};
/* End XCBuildConfiguration section */

/* Begin XCConfigurationList section */
		9AB15EA129A8848C00DFDF90 /* Build configuration list for PBXNativeTarget "ios_apex_darwin" */ = {
			isa = XCConfigurationList;
			buildConfigurations = (
				9AB15EA229A8848C00DFDF90 /* Debug */,
				9AB15EA329A8848C00DFDF90 /* Release */,
			);
			defaultConfigurationIsVisible = 0;
			defaultConfigurationName = Release;
		};
		9AFD808A297B57C400BAD9DD /* Build configuration list for PBXProject "apex_darwin" */ = {
			isa = XCConfigurationList;
			buildConfigurations = (
				9AFD8091297B57C400BAD9DD /* Debug */,
				9AFD8092297B57C400BAD9DD /* Release */,
			);
			defaultConfigurationIsVisible = 0;
			defaultConfigurationName = Release;
		};
		9AFD8093297B57C400BAD9DD /* Build configuration list for PBXNativeTarget "apex_darwin" */ = {
			isa = XCConfigurationList;
			buildConfigurations = (
				9AFD8094297B57C400BAD9DD /* Debug */,
				9AFD8095297B57C400BAD9DD /* Release */,
			);
			defaultConfigurationIsVisible = 0;
			defaultConfigurationName = Release;
		};
/* End XCConfigurationList section */
	};
	rootObject = 9AFD8087297B57C400BAD9DD /* Project object */;
}
