// !$*UTF8*$!
{
	archiveVersion = 1;
	classes = {
	};
	objectVersion = 56;
	objects = {

/* Begin PBXBuildFile section */
		9A682B222AED4EAD00A9502D /* arp_a.h in Headers */ = {isa = PBXBuildFile; fileRef = 9ABBB6E32AEB6467007611C5 /* arp_a.h */; };
		9A682B242AED4EAD00A9502D /* arp_a.cpp in Sources */ = {isa = PBXBuildFile; fileRef = 9ABBB6EC2AEB6467007611C5 /* arp_a.cpp */; };
		9ABBB6EE2AEB6467007611C5 /* arp_a.h in Headers */ = {isa = PBXBuildFile; fileRef = 9ABBB6E32AEB6467007611C5 /* arp_a.h */; };
		9ABBB6EF2AEB6467007611C5 /* arp_a.cpp in Sources */ = {isa = PBXBuildFile; fileRef = 9ABBB6EC2AEB6467007611C5 /* arp_a.cpp */; };
		9AC107452B6ACB8F0053DB45 /* arp_a.h in Headers */ = {isa = PBXBuildFile; fileRef = 9ABBB6E32AEB6467007611C5 /* arp_a.h */; };
		9AC107472B6ACB8F0053DB45 /* arp_a.cpp in Sources */ = {isa = PBXBuildFile; fileRef = 9ABBB6EC2AEB6467007611C5 /* arp_a.cpp */; };
/* End PBXBuildFile section */

/* Begin PBXFileReference section */
		9A682B292AED4EAD00A9502D /* libstatic_darwin.a */ = {isa = PBXFileReference; explicitFileType = "compiled.mach-o.dylib"; includeInIndex = 0; path = libstatic_darwin.a; sourceTree = BUILT_PRODUCTS_DIR; };
		9ABBB6D22AEB636C007611C5 /* darwin.dylib */ = {isa = PBXFileReference; explicitFileType = "compiled.mach-o.dylib"; includeInIndex = 0; path = darwin.dylib; sourceTree = BUILT_PRODUCTS_DIR; };
		9ABBB6E32AEB6467007611C5 /* arp_a.h */ = {isa = PBXFileReference; fileEncoding = 4; lastKnownFileType = sourcecode.c.h; path = arp_a.h; sourceTree = "<group>"; };
		9ABBB6EC2AEB6467007611C5 /* arp_a.cpp */ = {isa = PBXFileReference; fileEncoding = 4; lastKnownFileType = sourcecode.cpp.cpp; path = arp_a.cpp; sourceTree = "<group>"; };
		9ABBB6F02AEB64A2007611C5 /* _____release.xcconfig */ = {isa = PBXFileReference; fileEncoding = 4; lastKnownFileType = text.xcconfig; path = "_____release.xcconfig"; sourceTree = "<group>"; };
		9ABBB6F12AEB64A2007611C5 /* _____debug.xcconfig */ = {isa = PBXFileReference; fileEncoding = 4; lastKnownFileType = text.xcconfig; path = "_____debug.xcconfig"; sourceTree = "<group>"; };
		9AC1074C2B6ACB8F0053DB45 /* libios_darwin.a */ = {isa = PBXFileReference; explicitFileType = "compiled.mach-o.dylib"; includeInIndex = 0; path = libios_darwin.a; sourceTree = BUILT_PRODUCTS_DIR; };
/* End PBXFileReference section */

/* Begin PBXFrameworksBuildPhase section */
		9A682B252AED4EAD00A9502D /* Frameworks */ = {
			isa = PBXFrameworksBuildPhase;
			buildActionMask = 2147483647;
			files = (
			);
			runOnlyForDeploymentPostprocessing = 0;
		};
		9ABBB6D02AEB636C007611C5 /* Frameworks */ = {
			isa = PBXFrameworksBuildPhase;
			buildActionMask = 2147483647;
			files = (
			);
			runOnlyForDeploymentPostprocessing = 0;
		};
		9AC107482B6ACB8F0053DB45 /* Frameworks */ = {
			isa = PBXFrameworksBuildPhase;
			buildActionMask = 2147483647;
			files = (
			);
			runOnlyForDeploymentPostprocessing = 0;
		};
/* End PBXFrameworksBuildPhase section */

/* Begin PBXGroup section */
		9ABBB6C92AEB636C007611C5 = {
			isa = PBXGroup;
			children = (
				9ABBB6E02AEB6467007611C5 /* darwin */,
				9ABBB6D32AEB636C007611C5 /* Products */,
			);
			sourceTree = "<group>";
		};
		9ABBB6D32AEB636C007611C5 /* Products */ = {
			isa = PBXGroup;
			children = (
				9ABBB6D22AEB636C007611C5 /* darwin.dylib */,
				9A682B292AED4EAD00A9502D /* libstatic_darwin.a */,
				9AC1074C2B6ACB8F0053DB45 /* libios_darwin.a */,
			);
			name = Products;
			sourceTree = "<group>";
		};
		9ABBB6E02AEB6467007611C5 /* darwin */ = {
			isa = PBXGroup;
			children = (
				9ABBB6F12AEB64A2007611C5 /* _____debug.xcconfig */,
				9ABBB6F02AEB64A2007611C5 /* _____release.xcconfig */,
				9ABBB6E32AEB6467007611C5 /* arp_a.h */,
				9ABBB6EC2AEB6467007611C5 /* arp_a.cpp */,
			);
			name = darwin;
			sourceTree = "<group>";
		};
/* End PBXGroup section */

/* Begin PBXHeadersBuildPhase section */
		9A682B212AED4EAD00A9502D /* Headers */ = {
			isa = PBXHeadersBuildPhase;
			buildActionMask = 2147483647;
			files = (
				9A682B222AED4EAD00A9502D /* arp_a.h in Headers */,
			);
			runOnlyForDeploymentPostprocessing = 0;
		};
		9ABBB6CE2AEB636C007611C5 /* Headers */ = {
			isa = PBXHeadersBuildPhase;
			buildActionMask = 2147483647;
			files = (
				9ABBB6EE2AEB6467007611C5 /* arp_a.h in Headers */,
			);
			runOnlyForDeploymentPostprocessing = 0;
		};
		9AC107442B6ACB8F0053DB45 /* Headers */ = {
			isa = PBXHeadersBuildPhase;
			buildActionMask = 2147483647;
			files = (
				9AC107452B6ACB8F0053DB45 /* arp_a.h in Headers */,
			);
			runOnlyForDeploymentPostprocessing = 0;
		};
/* End PBXHeadersBuildPhase section */

/* Begin PBXNativeTarget section */
		9A682B202AED4EAD00A9502D /* static_darwin */ = {
			isa = PBXNativeTarget;
			buildConfigurationList = 9A682B262AED4EAD00A9502D /* Build configuration list for PBXNativeTarget "static_darwin" */;
			buildPhases = (
				9A682B212AED4EAD00A9502D /* Headers */,
				9A682B232AED4EAD00A9502D /* Sources */,
				9A682B252AED4EAD00A9502D /* Frameworks */,
			);
			buildRules = (
			);
			dependencies = (
			);
			name = static_darwin;
			productName = darwin;
			productReference = 9A682B292AED4EAD00A9502D /* libstatic_darwin.a */;
			productType = "com.apple.product-type.library.dynamic";
		};
		9ABBB6D12AEB636C007611C5 /* darwin */ = {
			isa = PBXNativeTarget;
			buildConfigurationList = 9ABBB6D62AEB636C007611C5 /* Build configuration list for PBXNativeTarget "darwin" */;
			buildPhases = (
				9ABBB6CE2AEB636C007611C5 /* Headers */,
				9ABBB6CF2AEB636C007611C5 /* Sources */,
				9ABBB6D02AEB636C007611C5 /* Frameworks */,
			);
			buildRules = (
			);
			dependencies = (
			);
			name = darwin;
			productName = darwin;
			productReference = 9ABBB6D22AEB636C007611C5 /* darwin.dylib */;
			productType = "com.apple.product-type.library.dynamic";
		};
		9AC107432B6ACB8F0053DB45 /* ios_darwin */ = {
			isa = PBXNativeTarget;
			buildConfigurationList = 9AC107492B6ACB8F0053DB45 /* Build configuration list for PBXNativeTarget "ios_darwin" */;
			buildPhases = (
				9AC107442B6ACB8F0053DB45 /* Headers */,
				9AC107462B6ACB8F0053DB45 /* Sources */,
				9AC107482B6ACB8F0053DB45 /* Frameworks */,
			);
			buildRules = (
			);
			dependencies = (
			);
			name = ios_darwin;
			productName = darwin;
			productReference = 9AC1074C2B6ACB8F0053DB45 /* libios_darwin.a */;
			productType = "com.apple.product-type.library.dynamic";
		};
/* End PBXNativeTarget section */

/* Begin PBXProject section */
		9ABBB6CA2AEB636C007611C5 /* Project object */ = {
			isa = PBXProject;
			attributes = {
				BuildIndependentTargetsInParallel = 1;
				LastUpgradeCheck = 1540;
				TargetAttributes = {
					9ABBB6D12AEB636C007611C5 = {
						CreatedOnToolsVersion = 15.0;
					};
				};
			};
			buildConfigurationList = 9ABBB6CD2AEB636C007611C5 /* Build configuration list for PBXProject "darwin" */;
			compatibilityVersion = "Xcode 14.0";
			developmentRegion = en;
			hasScannedForEncodings = 0;
			knownRegions = (
				en,
				Base,
			);
			mainGroup = 9ABBB6C92AEB636C007611C5;
			productRefGroup = 9ABBB6D32AEB636C007611C5 /* Products */;
			projectDirPath = "";
			projectRoot = "";
			targets = (
				9ABBB6D12AEB636C007611C5 /* darwin */,
				9AC107432B6ACB8F0053DB45 /* ios_darwin */,
				9A682B202AED4EAD00A9502D /* static_darwin */,
			);
		};
/* End PBXProject section */

/* Begin PBXSourcesBuildPhase section */
		9A682B232AED4EAD00A9502D /* Sources */ = {
			isa = PBXSourcesBuildPhase;
			buildActionMask = 2147483647;
			files = (
				9A682B242AED4EAD00A9502D /* arp_a.cpp in Sources */,
			);
			runOnlyForDeploymentPostprocessing = 0;
		};
		9ABBB6CF2AEB636C007611C5 /* Sources */ = {
			isa = PBXSourcesBuildPhase;
			buildActionMask = 2147483647;
			files = (
				9ABBB6EF2AEB6467007611C5 /* arp_a.cpp in Sources */,
			);
			runOnlyForDeploymentPostprocessing = 0;
		};
		9AC107462B6ACB8F0053DB45 /* Sources */ = {
			isa = PBXSourcesBuildPhase;
			buildActionMask = 2147483647;
			files = (
				9AC107472B6ACB8F0053DB45 /* arp_a.cpp in Sources */,
			);
			runOnlyForDeploymentPostprocessing = 0;
		};
/* End PBXSourcesBuildPhase section */

/* Begin XCBuildConfiguration section */
		9A682B272AED4EAD00A9502D /* Debug */ = {
			isa = XCBuildConfiguration;
			buildSettings = {
				CODE_SIGN_STYLE = Automatic;
				DEVELOPMENT_TEAM = L8N5V6TZE5;
				DYLIB_COMPATIBILITY_VERSION = 1;
				DYLIB_CURRENT_VERSION = 1;
				EXECUTABLE_EXTENSION = a;
				EXECUTABLE_PREFIX = lib;
				MACH_O_TYPE = staticlib;
				PLATFORM_MODIFIER = macos;
				PRODUCT_NAME = "$(TARGET_NAME)";
				SKIP_INSTALL = YES;
			};
			name = Debug;
		};
		9A682B282AED4EAD00A9502D /* Release */ = {
			isa = XCBuildConfiguration;
			buildSettings = {
				CODE_SIGN_STYLE = Automatic;
				DEVELOPMENT_TEAM = L8N5V6TZE5;
				DYLIB_COMPATIBILITY_VERSION = 1;
				DYLIB_CURRENT_VERSION = 1;
				EXECUTABLE_EXTENSION = a;
				EXECUTABLE_PREFIX = lib;
				MACH_O_TYPE = staticlib;
				PLATFORM_MODIFIER = macos;
				PRODUCT_NAME = "$(TARGET_NAME)";
				SKIP_INSTALL = YES;
			};
			name = Release;
		};
		9ABBB6D42AEB636C007611C5 /* Debug */ = {
			isa = XCBuildConfiguration;
			baseConfigurationReference = 9ABBB6F12AEB64A2007611C5 /* _____debug.xcconfig */;
			buildSettings = {
				ALWAYS_SEARCH_USER_PATHS = NO;
				ASSETCATALOG_COMPILER_GENERATE_SWIFT_ASSET_SYMBOL_EXTENSIONS = YES;
				CLANG_ANALYZER_NONNULL = YES;
				CLANG_ANALYZER_NUMBER_OBJECT_CONVERSION = YES_AGGRESSIVE;
				CLANG_CXX_LANGUAGE_STANDARD = "gnu++20";
				CLANG_ENABLE_MODULES = YES;
				CLANG_ENABLE_OBJC_ARC = YES;
				CLANG_ENABLE_OBJC_WEAK = YES;
				CLANG_WARN_BLOCK_CAPTURE_AUTORELEASING = YES;
				CLANG_WARN_BOOL_CONVERSION = YES;
				CLANG_WARN_COMMA = YES;
				CLANG_WARN_CONSTANT_CONVERSION = YES;
				CLANG_WARN_DEPRECATED_OBJC_IMPLEMENTATIONS = YES;
				CLANG_WARN_DIRECT_OBJC_ISA_USAGE = YES_ERROR;
				CLANG_WARN_DOCUMENTATION_COMMENTS = YES;
				CLANG_WARN_EMPTY_BODY = YES;
				CLANG_WARN_ENUM_CONVERSION = YES;
				CLANG_WARN_INFINITE_RECURSION = YES;
				CLANG_WARN_INT_CONVERSION = YES;
				CLANG_WARN_NON_LITERAL_NULL_CONVERSION = YES;
				CLANG_WARN_OBJC_IMPLICIT_RETAIN_SELF = YES;
				CLANG_WARN_OBJC_LITERAL_CONVERSION = YES;
				CLANG_WARN_OBJC_ROOT_CLASS = YES_ERROR;
				CLANG_WARN_QUOTED_INCLUDE_IN_FRAMEWORK_HEADER = YES;
				CLANG_WARN_RANGE_LOOP_ANALYSIS = YES;
				CLANG_WARN_STRICT_PROTOTYPES = YES;
				CLANG_WARN_SUSPICIOUS_MOVE = YES;
				CLANG_WARN_UNGUARDED_AVAILABILITY = YES_AGGRESSIVE;
				CLANG_WARN_UNREACHABLE_CODE = YES;
				CLANG_WARN__DUPLICATE_METHOD_MATCH = YES;
				CODE_SIGN_STYLE = Automatic;
				COPY_PHASE_STRIP = NO;
				DEAD_CODE_STRIPPING = YES;
				DEBUG_INFORMATION_FORMAT = dwarf;
				DEVELOPMENT_TEAM = L8N5V6TZE5;
				ENABLE_STRICT_OBJC_MSGSEND = YES;
				ENABLE_TESTABILITY = YES;
				ENABLE_USER_SCRIPT_SANDBOXING = YES;
				GCC_C_LANGUAGE_STANDARD = gnu11;
				GCC_DYNAMIC_NO_PIC = NO;
				GCC_NO_COMMON_BLOCKS = YES;
				GCC_OPTIMIZATION_LEVEL = 0;
				GCC_PREPROCESSOR_DEFINITIONS = "$(inherited)";
				GCC_WARN_64_TO_32_BIT_CONVERSION = YES;
				GCC_WARN_ABOUT_RETURN_TYPE = YES_ERROR;
				GCC_WARN_UNDECLARED_SELECTOR = YES;
				GCC_WARN_UNINITIALIZED_AUTOS = YES_AGGRESSIVE;
				GCC_WARN_UNUSED_FUNCTION = YES;
				GCC_WARN_UNUSED_VARIABLE = YES;
				HEADER_SEARCH_PATHS = "";
				INSTALL_PATH = "@executable_path";
				LD_RUNPATH_SEARCH_PATHS = "@executable_path";
				LIBRARY_SEARCH_PATHS = (
					"$(inherited)",
					"$(WorkspaceDir)/operating_system",
					"$(WorkspaceDir)/../operating_system/storage-$(PLATFORM_MODIFIER)/$(CONFIGURATION)/library",
				);
				LOCALIZATION_PREFERS_STRING_CATALOGS = YES;
				MACOSX_DEPLOYMENT_TARGET = 10.13;
				MTL_ENABLE_DEBUG_INFO = INCLUDE_SOURCE;
				MTL_FAST_MATH = YES;
				ONLY_ACTIVE_ARCH = YES;
				OTHER_LDFLAGS = "-all_load";
				PRODUCT_NAME = "$(TARGET_NAME)";
				SKIP_INSTALL = YES;
				SYSTEM_HEADER_SEARCH_PATHS = (
					"$(WorkspaceDir)/operating_system",
					"$(WorkspaceDir)/operating_system/operating_system-$(PLATFORM_MODIFIER)",
					"$(WorkspaceDir)/operating_system/operating_system-$(PLATFORM_MODIFIER)/include/configuration_selection/$(CONFIGURATION)",
					"$(WorkspaceDir)/operating_system/operating_system-$(PLATFORM_MODIFIER)/include",
					"$(WorkspaceDir)/port/_",
					"$(WorkspaceDir)/port/include",
					"$(WorkspaceDir)/source/app",
				);
				USER_HEADER_SEARCH_PATHS = (
					.,
					"$(WorkspaceDir)/source",
					"$(WorkspaceDir)/source/include",
					"$(WorkspaceDir)/source/app",
					"$(WorkspaceDir)/source/app/include",
					"$(WorkspaceDir)/operating_system",
					"$(WorkspaceDir)/operating_system/operating_system-$(PLATFORM_MODIFIER)",
					"$(WorkspaceDir)/operating_system/operating_system-$(PLATFORM_MODIFIER)/include/configuration_selection/$(CONFIGURATION)",
					"$(WorkspaceDir)/operating_system/operating_system-$(PLATFORM_MODIFIER)/include",
					"$(WorkspaceDir)/operating_system/operating_system-posix",
					"$(WorkspaceDir)/port/_",
					"$(WorkspaceDir)/port/include",
					"$(PROJECT_DIR)",
					"$(PROJECT_DIR)/..",
					"$(PROJECT_DIR)/../..",
					"$(HOME)/sensitive/sensitive/include",
				);
				USE_HEADERMAP = NO;
				WorkspaceDir = "$(SRCROOT)/../../..";
			};
			name = Debug;
		};
		9ABBB6D52AEB636C007611C5 /* Release */ = {
			isa = XCBuildConfiguration;
			baseConfigurationReference = 9ABBB6F02AEB64A2007611C5 /* _____release.xcconfig */;
			buildSettings = {
				ALWAYS_SEARCH_USER_PATHS = NO;
				ASSETCATALOG_COMPILER_GENERATE_SWIFT_ASSET_SYMBOL_EXTENSIONS = YES;
				CLANG_ANALYZER_NONNULL = YES;
				CLANG_ANALYZER_NUMBER_OBJECT_CONVERSION = YES_AGGRESSIVE;
				CLANG_CXX_LANGUAGE_STANDARD = "gnu++20";
				CLANG_ENABLE_MODULES = YES;
				CLANG_ENABLE_OBJC_ARC = YES;
				CLANG_ENABLE_OBJC_WEAK = YES;
				CLANG_WARN_BLOCK_CAPTURE_AUTORELEASING = YES;
				CLANG_WARN_BOOL_CONVERSION = YES;
				CLANG_WARN_COMMA = YES;
				CLANG_WARN_CONSTANT_CONVERSION = YES;
				CLANG_WARN_DEPRECATED_OBJC_IMPLEMENTATIONS = YES;
				CLANG_WARN_DIRECT_OBJC_ISA_USAGE = YES_ERROR;
				CLANG_WARN_DOCUMENTATION_COMMENTS = YES;
				CLANG_WARN_EMPTY_BODY = YES;
				CLANG_WARN_ENUM_CONVERSION = YES;
				CLANG_WARN_INFINITE_RECURSION = YES;
				CLANG_WARN_INT_CONVERSION = YES;
				CLANG_WARN_NON_LITERAL_NULL_CONVERSION = YES;
				CLANG_WARN_OBJC_IMPLICIT_RETAIN_SELF = YES;
				CLANG_WARN_OBJC_LITERAL_CONVERSION = YES;
				CLANG_WARN_OBJC_ROOT_CLASS = YES_ERROR;
				CLANG_WARN_QUOTED_INCLUDE_IN_FRAMEWORK_HEADER = YES;
				CLANG_WARN_RANGE_LOOP_ANALYSIS = YES;
				CLANG_WARN_STRICT_PROTOTYPES = YES;
				CLANG_WARN_SUSPICIOUS_MOVE = YES;
				CLANG_WARN_UNGUARDED_AVAILABILITY = YES_AGGRESSIVE;
				CLANG_WARN_UNREACHABLE_CODE = YES;
				CLANG_WARN__DUPLICATE_METHOD_MATCH = YES;
				CODE_SIGN_STYLE = Automatic;
				COPY_PHASE_STRIP = NO;
				DEAD_CODE_STRIPPING = YES;
				DEBUG_INFORMATION_FORMAT = "dwarf-with-dsym";
				DEVELOPMENT_TEAM = L8N5V6TZE5;
				ENABLE_HARDENED_RUNTIME = YES;
				ENABLE_NS_ASSERTIONS = NO;
				ENABLE_STRICT_OBJC_MSGSEND = YES;
				ENABLE_USER_SCRIPT_SANDBOXING = YES;
				GCC_C_LANGUAGE_STANDARD = gnu11;
				GCC_NO_COMMON_BLOCKS = YES;
				GCC_WARN_64_TO_32_BIT_CONVERSION = YES;
				GCC_WARN_ABOUT_RETURN_TYPE = YES_ERROR;
				GCC_WARN_UNDECLARED_SELECTOR = YES;
				GCC_WARN_UNINITIALIZED_AUTOS = YES_AGGRESSIVE;
				GCC_WARN_UNUSED_FUNCTION = YES;
				GCC_WARN_UNUSED_VARIABLE = YES;
				HEADER_SEARCH_PATHS = "";
				INSTALL_PATH = "@executable_path";
				LD_RUNPATH_SEARCH_PATHS = "@executable_path";
				LIBRARY_SEARCH_PATHS = (
					"$(inherited)",
					"$(WorkspaceDir)/operating_system",
					"$(WorkspaceDir)/../operating_system/storage-$(PLATFORM_MODIFIER)/$(CONFIGURATION)/library",
				);
				LOCALIZATION_PREFERS_STRING_CATALOGS = YES;
				MACOSX_DEPLOYMENT_TARGET = 10.13;
				MTL_ENABLE_DEBUG_INFO = NO;
				MTL_FAST_MATH = YES;
				OTHER_LDFLAGS = "-all_load";
				PRODUCT_NAME = "$(TARGET_NAME)";
				SKIP_INSTALL = YES;
				SYSTEM_HEADER_SEARCH_PATHS = (
					"$(WorkspaceDir)/operating_system",
					"$(WorkspaceDir)/operating_system/operating_system-$(PLATFORM_MODIFIER)",
					"$(WorkspaceDir)/operating_system/operating_system-$(PLATFORM_MODIFIER)/include/configuration_selection/$(CONFIGURATION)",
					"$(WorkspaceDir)/operating_system/operating_system-$(PLATFORM_MODIFIER)/include",
					"$(WorkspaceDir)/port/_",
					"$(WorkspaceDir)/port/include",
					"$(WorkspaceDir)/source/app",
				);
				USER_HEADER_SEARCH_PATHS = (
					.,
					"$(WorkspaceDir)/source",
					"$(WorkspaceDir)/source/include",
					"$(WorkspaceDir)/source/app",
					"$(WorkspaceDir)/source/app/include",
					"$(WorkspaceDir)/operating_system",
					"$(WorkspaceDir)/operating_system/operating_system-$(PLATFORM_MODIFIER)",
					"$(WorkspaceDir)/operating_system/operating_system-$(PLATFORM_MODIFIER)/include/configuration_selection/$(CONFIGURATION)",
					"$(WorkspaceDir)/operating_system/operating_system-$(PLATFORM_MODIFIER)/include",
					"$(WorkspaceDir)/operating_system/operating_system-posix",
					"$(WorkspaceDir)/port/_",
					"$(WorkspaceDir)/port/include",
					"$(PROJECT_DIR)",
					"$(PROJECT_DIR)/..",
					"$(PROJECT_DIR)/../..",
					"$(HOME)/sensitive/sensitive/include",
				);
				USE_HEADERMAP = NO;
				WorkspaceDir = "$(SRCROOT)/../../..";
			};
			name = Release;
		};
		9ABBB6D72AEB636C007611C5 /* Debug */ = {
			isa = XCBuildConfiguration;
			buildSettings = {
				CODE_SIGN_IDENTITY = "Mac Developer";
				CODE_SIGN_STYLE = Automatic;
				DEVELOPMENT_TEAM = L8N5V6TZE5;
				ENABLE_HARDENED_RUNTIME = YES;
				PLATFORM_MODIFIER = macos;
				PROVISIONING_PROFILE_SPECIFIER = "";
				SDKROOT = macosx;
			};
			name = Debug;
		};
		9ABBB6D82AEB636C007611C5 /* Release */ = {
			isa = XCBuildConfiguration;
			buildSettings = {
				CODE_SIGN_IDENTITY = "Mac Developer";
				CODE_SIGN_STYLE = Automatic;
				DEVELOPMENT_TEAM = L8N5V6TZE5;
				ENABLE_HARDENED_RUNTIME = YES;
				PLATFORM_MODIFIER = macos;
				PROVISIONING_PROFILE_SPECIFIER = "";
				SDKROOT = macosx;
			};
			name = Release;
		};
		9AC1074A2B6ACB8F0053DB45 /* Debug */ = {
			isa = XCBuildConfiguration;
			buildSettings = {
				DEAD_CODE_STRIPPING = NO;
				DEVELOPMENT_TEAM = L8N5V6TZE5;
				EXECUTABLE_EXTENSION = "$(STATIC_LIBRARY_EXTENSION:default=a)";
				EXECUTABLE_PREFIX = lib;
				MACH_O_TYPE = staticlib;
				PLATFORM_MODIFIER = ios;
				SDKROOT = iphoneos;
			};
			name = Debug;
		};
		9AC1074B2B6ACB8F0053DB45 /* Release */ = {
			isa = XCBuildConfiguration;
			buildSettings = {
				DEAD_CODE_STRIPPING = NO;
				DEVELOPMENT_TEAM = L8N5V6TZE5;
				EXECUTABLE_EXTENSION = "$(STATIC_LIBRARY_EXTENSION:default=a)";
				EXECUTABLE_PREFIX = lib;
				MACH_O_TYPE = staticlib;
				PLATFORM_MODIFIER = ios;
				SDKROOT = iphoneos;
			};
			name = Release;
		};
/* End XCBuildConfiguration section */

/* Begin XCConfigurationList section */
		9A682B262AED4EAD00A9502D /* Build configuration list for PBXNativeTarget "static_darwin" */ = {
			isa = XCConfigurationList;
			buildConfigurations = (
				9A682B272AED4EAD00A9502D /* Debug */,
				9A682B282AED4EAD00A9502D /* Release */,
			);
			defaultConfigurationIsVisible = 0;
			defaultConfigurationName = Release;
		};
		9ABBB6CD2AEB636C007611C5 /* Build configuration list for PBXProject "darwin" */ = {
			isa = XCConfigurationList;
			buildConfigurations = (
				9ABBB6D42AEB636C007611C5 /* Debug */,
				9ABBB6D52AEB636C007611C5 /* Release */,
			);
			defaultConfigurationIsVisible = 0;
			defaultConfigurationName = Release;
		};
		9ABBB6D62AEB636C007611C5 /* Build configuration list for PBXNativeTarget "darwin" */ = {
			isa = XCConfigurationList;
			buildConfigurations = (
				9ABBB6D72AEB636C007611C5 /* Debug */,
				9ABBB6D82AEB636C007611C5 /* Release */,
			);
			defaultConfigurationIsVisible = 0;
			defaultConfigurationName = Release;
		};
		9AC107492B6ACB8F0053DB45 /* Build configuration list for PBXNativeTarget "ios_darwin" */ = {
			isa = XCConfigurationList;
			buildConfigurations = (
				9AC1074A2B6ACB8F0053DB45 /* Debug */,
				9AC1074B2B6ACB8F0053DB45 /* Release */,
			);
			defaultConfigurationIsVisible = 0;
			defaultConfigurationName = Release;
		};
/* End XCConfigurationList section */
	};
	rootObject = 9ABBB6CA2AEB636C007611C5 /* Project object */;
}
